<?xml version="1.0" encoding="utf-8"?>
<Project xmlns="http://schemas.microsoft.com/developer/msbuild/2003">
  <ItemGroup>
    <Filter Include="Generated Files">
      <UniqueIdentifier>{71ED8ED8-ACB9-4CE9-BBE1-E00B30144E11}</UniqueIdentifier>
      <Extensions>cpp;c;cxx;moc;h;def;odl;idl;res;</Extensions>
    </Filter>
    <Filter Include="Header Files">
      <UniqueIdentifier>{93995380-89BD-4b04-88EB-625FBE52EBFB}</UniqueIdentifier>
      <Extensions>h;hpp;hxx;hm;inl;inc;xsd</Extensions>
    </Filter>
    <Filter Include="Resource Files">
      <UniqueIdentifier>{D9D6E242-F8AF-46E4-B9FD-80ECBC20BA3E}</UniqueIdentifier>
      <Extensions>qrc;*</Extensions>
      <ParseFiles>false</ParseFiles>
    </Filter>
    <Filter Include="Source Files">
      <UniqueIdentifier>{4FC737F1-C7A5-4376-A066-2A32D752A2FF}</UniqueIdentifier>
      <Extensions>cpp;c;cxx;def;odl;idl;hpj;bat;asm;asmx</Extensions>
    </Filter>
    <Filter Include="源文件">
      <UniqueIdentifier>{4FC737F1-C7A5-4376-A066-2A32D752A2FF}</UniqueIdentifier>
      <Extensions>cpp;c;cxx;def;odl;idl;hpj;bat;asm;asmx</Extensions>
    </Filter>
    <Filter Include="资源文件">
      <UniqueIdentifier>{D9D6E242-F8AF-46E4-B9FD-80ECBC20BA3E}</UniqueIdentifier>
      <Extensions>qrc;*</Extensions>
      <ParseFiles>false</ParseFiles>
    </Filter>
    <Filter Include="头文件">
      <UniqueIdentifier>{93995380-89BD-4b04-88EB-625FBE52EBFB}</UniqueIdentifier>
      <Extensions>h;hpp;hxx;hm;inl;inc;xsd</Extensions>
    </Filter>
    <Filter Include="生成文件">
      <UniqueIdentifier>{71ED8ED8-ACB9-4CE9-BBE1-E00B30144E11}</UniqueIdentifier>
      <Extensions>cpp;c;cxx;moc;h;def;odl;idl;res;</Extensions>
    </Filter>
    <Filter Include="源文件\hv">
      <UniqueIdentifier>{688fb962-e2f9-4ff0-babd-49a992ff1b0a}</UniqueIdentifier>
    </Filter>
    <Filter Include="源文件\annotation">
      <UniqueIdentifier>{a4788d30-589d-428d-8341-28be7657f6f7}</UniqueIdentifier>
    </Filter>
    <Filter Include="源文件\canvas">
      <UniqueIdentifier>{94d4c7a2-e6d7-4dcb-aa03-69f2e4768b1e}</UniqueIdentifier>
    </Filter>
    <Filter Include="源文件\controllers">
      <UniqueIdentifier>{186a5172-6e27-413a-a370-5d5ce34dfff0}</UniqueIdentifier>
    </Filter>
    <Filter Include="源文件\ui">
      <UniqueIdentifier>{bf67050b-05d1-43c7-bfc3-64f1e689f1bb}</UniqueIdentifier>
    </Filter>
    <Filter Include="源文件\global">
      <UniqueIdentifier>{a5625a99-a36c-4839-a2ca-38efbe1419ba}</UniqueIdentifier>
    </Filter>
    <Filter Include="源文件\utils">
      <UniqueIdentifier>{850e0800-7f9d-4ff0-98b0-9e2e317cd82c}</UniqueIdentifier>
    </Filter>
    <Filter Include="源文件\3rd">
      <UniqueIdentifier>{d6cb66dc-4625-4476-9781-c6cf0cee546f}</UniqueIdentifier>
    </Filter>
    <Filter Include="头文件\hv">
      <UniqueIdentifier>{fc183ba6-49e7-4bab-8d21-f1a7d998f715}</UniqueIdentifier>
    </Filter>
    <Filter Include="头文件\annotation">
      <UniqueIdentifier>{950c6697-f916-4d86-9071-1100328b7ed8}</UniqueIdentifier>
    </Filter>
    <Filter Include="头文件\canvas">
      <UniqueIdentifier>{bae54237-9a55-46a7-95bb-d505593f17a8}</UniqueIdentifier>
    </Filter>
    <Filter Include="头文件\controllers">
      <UniqueIdentifier>{708ffa25-92d1-414c-9c09-a7abeb1a9ef7}</UniqueIdentifier>
    </Filter>
    <Filter Include="头文件\global">
      <UniqueIdentifier>{e3ea85be-efca-44ec-b19a-0f2fa9bd181c}</UniqueIdentifier>
    </Filter>
    <Filter Include="头文件\utils">
      <UniqueIdentifier>{73d6e732-012b-47c2-9131-8cd2776da5b4}</UniqueIdentifier>
    </Filter>
    <Filter Include="头文件\ui">
      <UniqueIdentifier>{b4b442a4-2755-4705-86c0-df6cc7862a83}</UniqueIdentifier>
    </Filter>
    <Filter Include="头文件\qt">
      <UniqueIdentifier>{2af23b44-00c9-4a7c-a030-36ab45af3ccf}</UniqueIdentifier>
    </Filter>
    <Filter Include="头文件\3rd">
      <UniqueIdentifier>{262bf455-4aed-4fdb-80f8-89bd558269c3}</UniqueIdentifier>
    </Filter>
  </ItemGroup>
  <ItemGroup>
    <ClCompile Include="src\global\main.cpp">
      <Filter>源文件</Filter>
    </ClCompile>
    <ClCompile Include="src\hv\base\hbase.c">
      <Filter>源文件\hv</Filter>
    </ClCompile>
    <ClCompile Include="src\hv\base\herr.c">
      <Filter>源文件\hv</Filter>
    </ClCompile>
    <ClCompile Include="src\hv\base\hlog.c">
      <Filter>源文件\hv</Filter>
    </ClCompile>
    <ClCompile Include="src\hv\base\hstring.cpp">
      <Filter>源文件\hv</Filter>
    </ClCompile>
    <ClCompile Include="src\hv\base\htime.c">
      <Filter>源文件\hv</Filter>
    </ClCompile>
    <ClCompile Include="src\hv\base\hversion.c">
      <Filter>源文件\hv</Filter>
    </ClCompile>
    <ClCompile Include="src\annotations\segannotationitem.cpp">
      <Filter>源文件\annotation</Filter>
    </ClCompile>
    <ClCompile Include="src\canvas\canvasbase.cpp">
      <Filter>源文件\canvas</Filter>
    </ClCompile>
    <ClCompile Include="src\canvas\canvas2d.cpp">
      <Filter>源文件\canvas</Filter>
    </ClCompile>
    <ClCompile Include="src\annotations\annotationitem.cpp">
      <Filter>源文件\annotation</Filter>
    </ClCompile>
    <ClCompile Include="src\controllers\annotationcontainer.cpp">
      <Filter>源文件\controllers</Filter>
    </ClCompile>
    <ClCompile Include="src\controllers\filemanager.cpp">
      <Filter>源文件\controllers</Filter>
    </ClCompile>
    <ClCompile Include="src\controllers\labelmanager.cpp">
      <Filter>源文件\controllers</Filter>
    </ClCompile>
    <ClCompile Include="src\ui\labeldialog.cpp">
      <Filter>源文件\ui</Filter>
    </ClCompile>
    <ClCompile Include="src\ui\mainwindow.cpp">
      <Filter>源文件\ui</Filter>
    </ClCompile>
    <ClCompile Include="src\ui\customlistwidget.cpp">
      <Filter>源文件\ui</Filter>
    </ClCompile>
    <ClCompile Include="src\global\common.cpp">
      <Filter>源文件\global</Filter>
    </ClCompile>
    <ClCompile Include="src\hv\utils\iniparser.cpp">
      <Filter>源文件\utils</Filter>
    </ClCompile>
    <ClCompile Include="3rd\spdlog\ylog.cpp">
      <Filter>源文件\3rd</Filter>
    </ClCompile>
  </ItemGroup>
  <ItemGroup>
    <ClInclude Include="src\global\appdef.h">
      <Filter>头文件\global</Filter>
    </ClInclude>
    <ClInclude Include="src\global\common.h">
      <Filter>头文件\global</Filter>
    </ClInclude>
    <ClInclude Include="src\global\confile.h">
      <Filter>头文件\global</Filter>
    </ClInclude>
    <ClInclude Include="src\qt\custom_event_type.h">
      <Filter>头文件\utils</Filter>
    </ClInclude>
    <QtMoc Include="src\ui\mainwindow.h">
      <Filter>头文件\ui</Filter>
    </QtMoc>
    <QtMoc Include="src\controllers\labelmanager.h">
      <Filter>头文件\controllers</Filter>
    </QtMoc>
    <QtMoc Include="src\ui\labeldialog.h">
      <Filter>头文件\ui</Filter>
    </QtMoc>
    <ClInclude Include="3rd\spdlog\ylog.h">
      <Filter>头文件\3rd</Filter>
    </ClInclude>
    <ClInclude Include="src\hv\utils\iniparser.h">
      <Filter>头文件\utils</Filter>
    </ClInclude>
  </ItemGroup>
  <ItemGroup>
    <CustomBuild Include="build\moc\moc_predefs.h.cbt">
      <Filter>生成文件</Filter>
    </CustomBuild>
  </ItemGroup>
  <ItemGroup>
    <None Include="res\skin\dark\rc\arrow_down.png">
      <Filter>资源文件</Filter>
    </None>
    <None Include="res\skin\light\rc\arrow_down.png">
      <Filter>资源文件</Filter>
    </None>
    <None Include="res\skin\dark\rc\arrow_down@2x.png">
      <Filter>资源文件</Filter>
    </None>
    <None Include="res\skin\light\rc\arrow_down@2x.png">
      <Filter>资源文件</Filter>
    </None>
    <None Include="res\skin\dark\rc\arrow_down_disabled.png">
      <Filter>资源文件</Filter>
    </None>
    <None Include="res\skin\light\rc\arrow_down_disabled.png">
      <Filter>资源文件</Filter>
    </None>
    <None Include="res\skin\dark\rc\arrow_down_disabled@2x.png">
      <Filter>资源文件</Filter>
    </None>
    <None Include="res\skin\light\rc\arrow_down_disabled@2x.png">
      <Filter>资源文件</Filter>
    </None>
    <None Include="res\skin\dark\rc\arrow_down_focus.png">
      <Filter>资源文件</Filter>
    </None>
    <None Include="res\skin\light\rc\arrow_down_focus.png">
      <Filter>资源文件</Filter>
    </None>
    <None Include="res\skin\dark\rc\arrow_down_focus@2x.png">
      <Filter>资源文件</Filter>
    </None>
    <None Include="res\skin\light\rc\arrow_down_focus@2x.png">
      <Filter>资源文件</Filter>
    </None>
    <None Include="res\skin\dark\rc\arrow_down_pressed.png">
      <Filter>资源文件</Filter>
    </None>
    <None Include="res\skin\light\rc\arrow_down_pressed.png">
      <Filter>资源文件</Filter>
    </None>
    <None Include="res\skin\dark\rc\arrow_down_pressed@2x.png">
      <Filter>资源文件</Filter>
    </None>
    <None Include="res\skin\light\rc\arrow_down_pressed@2x.png">
      <Filter>资源文件</Filter>
    </None>
    <None Include="res\skin\dark\rc\arrow_left.png">
      <Filter>资源文件</Filter>
    </None>
    <None Include="res\skin\light\rc\arrow_left.png">
      <Filter>资源文件</Filter>
    </None>
    <None Include="res\skin\dark\rc\arrow_left@2x.png">
      <Filter>资源文件</Filter>
    </None>
    <None Include="res\skin\light\rc\arrow_left@2x.png">
      <Filter>资源文件</Filter>
    </None>
    <None Include="res\skin\dark\rc\arrow_left_disabled.png">
      <Filter>资源文件</Filter>
    </None>
    <None Include="res\skin\light\rc\arrow_left_disabled.png">
      <Filter>资源文件</Filter>
    </None>
    <None Include="res\skin\dark\rc\arrow_left_disabled@2x.png">
      <Filter>资源文件</Filter>
    </None>
    <None Include="res\skin\light\rc\arrow_left_disabled@2x.png">
      <Filter>资源文件</Filter>
    </None>
    <None Include="res\skin\dark\rc\arrow_left_focus.png">
      <Filter>资源文件</Filter>
    </None>
    <None Include="res\skin\light\rc\arrow_left_focus.png">
      <Filter>资源文件</Filter>
    </None>
    <None Include="res\skin\dark\rc\arrow_left_focus@2x.png">
      <Filter>资源文件</Filter>
    </None>
    <None Include="res\skin\light\rc\arrow_left_focus@2x.png">
      <Filter>资源文件</Filter>
    </None>
    <None Include="res\skin\dark\rc\arrow_left_pressed.png">
      <Filter>资源文件</Filter>
    </None>
    <None Include="res\skin\light\rc\arrow_left_pressed.png">
      <Filter>资源文件</Filter>
    </None>
    <None Include="res\skin\dark\rc\arrow_left_pressed@2x.png">
      <Filter>资源文件</Filter>
    </None>
    <None Include="res\skin\light\rc\arrow_left_pressed@2x.png">
      <Filter>资源文件</Filter>
    </None>
    <None Include="res\skin\dark\rc\arrow_right.png">
      <Filter>资源文件</Filter>
    </None>
    <None Include="res\skin\light\rc\arrow_right.png">
      <Filter>资源文件</Filter>
    </None>
    <None Include="res\skin\dark\rc\arrow_right@2x.png">
      <Filter>资源文件</Filter>
    </None>
    <None Include="res\skin\light\rc\arrow_right@2x.png">
      <Filter>资源文件</Filter>
    </None>
    <None Include="res\skin\dark\rc\arrow_right_disabled.png">
      <Filter>资源文件</Filter>
    </None>
    <None Include="res\skin\light\rc\arrow_right_disabled.png">
      <Filter>资源文件</Filter>
    </None>
    <None Include="res\skin\dark\rc\arrow_right_disabled@2x.png">
      <Filter>资源文件</Filter>
    </None>
    <None Include="res\skin\light\rc\arrow_right_disabled@2x.png">
      <Filter>资源文件</Filter>
    </None>
    <None Include="res\skin\dark\rc\arrow_right_focus.png">
      <Filter>资源文件</Filter>
    </None>
    <None Include="res\skin\light\rc\arrow_right_focus.png">
      <Filter>资源文件</Filter>
    </None>
    <None Include="res\skin\dark\rc\arrow_right_focus@2x.png">
      <Filter>资源文件</Filter>
    </None>
    <None Include="res\skin\light\rc\arrow_right_focus@2x.png">
      <Filter>资源文件</Filter>
    </None>
    <None Include="res\skin\dark\rc\arrow_right_pressed.png">
      <Filter>资源文件</Filter>
    </None>
    <None Include="res\skin\light\rc\arrow_right_pressed.png">
      <Filter>资源文件</Filter>
    </None>
    <None Include="res\skin\dark\rc\arrow_right_pressed@2x.png">
      <Filter>资源文件</Filter>
    </None>
    <None Include="res\skin\light\rc\arrow_right_pressed@2x.png">
      <Filter>资源文件</Filter>
    </None>
    <None Include="res\skin\dark\rc\arrow_up.png">
      <Filter>资源文件</Filter>
    </None>
    <None Include="res\skin\light\rc\arrow_up.png">
      <Filter>资源文件</Filter>
    </None>
    <None Include="res\skin\dark\rc\arrow_up@2x.png">
      <Filter>资源文件</Filter>
    </None>
    <None Include="res\skin\light\rc\arrow_up@2x.png">
      <Filter>资源文件</Filter>
    </None>
    <None Include="res\skin\dark\rc\arrow_up_disabled.png">
      <Filter>资源文件</Filter>
    </None>
    <None Include="res\skin\light\rc\arrow_up_disabled.png">
      <Filter>资源文件</Filter>
    </None>
    <None Include="res\skin\dark\rc\arrow_up_disabled@2x.png">
      <Filter>资源文件</Filter>
    </None>
    <None Include="res\skin\light\rc\arrow_up_disabled@2x.png">
      <Filter>资源文件</Filter>
    </None>
    <None Include="res\skin\dark\rc\arrow_up_focus.png">
      <Filter>资源文件</Filter>
    </None>
    <None Include="res\skin\light\rc\arrow_up_focus.png">
      <Filter>资源文件</Filter>
    </None>
    <None Include="res\skin\dark\rc\arrow_up_focus@2x.png">
      <Filter>资源文件</Filter>
    </None>
    <None Include="res\skin\light\rc\arrow_up_focus@2x.png">
      <Filter>资源文件</Filter>
    </None>
    <None Include="res\skin\dark\rc\arrow_up_pressed.png">
      <Filter>资源文件</Filter>
    </None>
    <None Include="res\skin\light\rc\arrow_up_pressed.png">
      <Filter>资源文件</Filter>
    </None>
    <None Include="res\skin\dark\rc\arrow_up_pressed@2x.png">
      <Filter>资源文件</Filter>
    </None>
    <None Include="res\skin\light\rc\arrow_up_pressed@2x.png">
      <Filter>资源文件</Filter>
    </None>
    <None Include="res\skin\dark\rc\base_icon.png">
      <Filter>资源文件</Filter>
    </None>
    <None Include="res\skin\light\rc\base_icon.png">
      <Filter>资源文件</Filter>
    </None>
    <None Include="res\skin\dark\rc\base_icon@2x.png">
      <Filter>资源文件</Filter>
    </None>
    <None Include="res\skin\light\rc\base_icon@2x.png">
      <Filter>资源文件</Filter>
    </None>
    <None Include="res\skin\dark\rc\base_icon_disabled.png">
      <Filter>资源文件</Filter>
    </None>
    <None Include="res\skin\light\rc\base_icon_disabled.png">
      <Filter>资源文件</Filter>
    </None>
    <None Include="res\skin\dark\rc\base_icon_disabled@2x.png">
      <Filter>资源文件</Filter>
    </None>
    <None Include="res\skin\light\rc\base_icon_disabled@2x.png">
      <Filter>资源文件</Filter>
    </None>
    <None Include="res\skin\dark\rc\base_icon_focus.png">
      <Filter>资源文件</Filter>
    </None>
    <None Include="res\skin\light\rc\base_icon_focus.png">
      <Filter>资源文件</Filter>
    </None>
    <None Include="res\skin\dark\rc\base_icon_focus@2x.png">
      <Filter>资源文件</Filter>
    </None>
    <None Include="res\skin\light\rc\base_icon_focus@2x.png">
      <Filter>资源文件</Filter>
    </None>
    <None Include="res\skin\dark\rc\base_icon_pressed.png">
      <Filter>资源文件</Filter>
    </None>
    <None Include="res\skin\light\rc\base_icon_pressed.png">
      <Filter>资源文件</Filter>
    </None>
    <None Include="res\skin\dark\rc\base_icon_pressed@2x.png">
      <Filter>资源文件</Filter>
    </None>
    <None Include="res\skin\light\rc\base_icon_pressed@2x.png">
      <Filter>资源文件</Filter>
    </None>
    <None Include="res\skin\dark\rc\branch_closed.png">
      <Filter>资源文件</Filter>
    </None>
    <None Include="res\skin\light\rc\branch_closed.png">
      <Filter>资源文件</Filter>
    </None>
    <None Include="res\skin\dark\rc\branch_closed@2x.png">
      <Filter>资源文件</Filter>
    </None>
    <None Include="res\skin\light\rc\branch_closed@2x.png">
      <Filter>资源文件</Filter>
    </None>
    <None Include="res\skin\dark\rc\branch_closed_disabled.png">
      <Filter>资源文件</Filter>
    </None>
    <None Include="res\skin\light\rc\branch_closed_disabled.png">
      <Filter>资源文件</Filter>
    </None>
    <None Include="res\skin\dark\rc\branch_closed_disabled@2x.png">
      <Filter>资源文件</Filter>
    </None>
    <None Include="res\skin\light\rc\branch_closed_disabled@2x.png">
      <Filter>资源文件</Filter>
    </None>
    <None Include="res\skin\dark\rc\branch_closed_focus.png">
      <Filter>资源文件</Filter>
    </None>
    <None Include="res\skin\light\rc\branch_closed_focus.png">
      <Filter>资源文件</Filter>
    </None>
    <None Include="res\skin\dark\rc\branch_closed_focus@2x.png">
      <Filter>资源文件</Filter>
    </None>
    <None Include="res\skin\light\rc\branch_closed_focus@2x.png">
      <Filter>资源文件</Filter>
    </None>
    <None Include="res\skin\dark\rc\branch_closed_pressed.png">
      <Filter>资源文件</Filter>
    </None>
    <None Include="res\skin\light\rc\branch_closed_pressed.png">
      <Filter>资源文件</Filter>
    </None>
    <None Include="res\skin\dark\rc\branch_closed_pressed@2x.png">
      <Filter>资源文件</Filter>
    </None>
    <None Include="res\skin\light\rc\branch_closed_pressed@2x.png">
      <Filter>资源文件</Filter>
    </None>
    <None Include="res\skin\dark\rc\branch_end.png">
      <Filter>资源文件</Filter>
    </None>
    <None Include="res\skin\light\rc\branch_end.png">
      <Filter>资源文件</Filter>
    </None>
    <None Include="res\skin\dark\rc\branch_end@2x.png">
      <Filter>资源文件</Filter>
    </None>
    <None Include="res\skin\light\rc\branch_end@2x.png">
      <Filter>资源文件</Filter>
    </None>
    <None Include="res\skin\dark\rc\branch_end_disabled.png">
      <Filter>资源文件</Filter>
    </None>
    <None Include="res\skin\light\rc\branch_end_disabled.png">
      <Filter>资源文件</Filter>
    </None>
    <None Include="res\skin\dark\rc\branch_end_disabled@2x.png">
      <Filter>资源文件</Filter>
    </None>
    <None Include="res\skin\light\rc\branch_end_disabled@2x.png">
      <Filter>资源文件</Filter>
    </None>
    <None Include="res\skin\dark\rc\branch_end_focus.png">
      <Filter>资源文件</Filter>
    </None>
    <None Include="res\skin\light\rc\branch_end_focus.png">
      <Filter>资源文件</Filter>
    </None>
    <None Include="res\skin\dark\rc\branch_end_focus@2x.png">
      <Filter>资源文件</Filter>
    </None>
    <None Include="res\skin\light\rc\branch_end_focus@2x.png">
      <Filter>资源文件</Filter>
    </None>
    <None Include="res\skin\dark\rc\branch_end_pressed.png">
      <Filter>资源文件</Filter>
    </None>
    <None Include="res\skin\light\rc\branch_end_pressed.png">
      <Filter>资源文件</Filter>
    </None>
    <None Include="res\skin\dark\rc\branch_end_pressed@2x.png">
      <Filter>资源文件</Filter>
    </None>
    <None Include="res\skin\light\rc\branch_end_pressed@2x.png">
      <Filter>资源文件</Filter>
    </None>
    <None Include="res\skin\dark\rc\branch_line.png">
      <Filter>资源文件</Filter>
    </None>
    <None Include="res\skin\light\rc\branch_line.png">
      <Filter>资源文件</Filter>
    </None>
    <None Include="res\skin\dark\rc\branch_line@2x.png">
      <Filter>资源文件</Filter>
    </None>
    <None Include="res\skin\light\rc\branch_line@2x.png">
      <Filter>资源文件</Filter>
    </None>
    <None Include="res\skin\dark\rc\branch_line_disabled.png">
      <Filter>资源文件</Filter>
    </None>
    <None Include="res\skin\light\rc\branch_line_disabled.png">
      <Filter>资源文件</Filter>
    </None>
    <None Include="res\skin\dark\rc\branch_line_disabled@2x.png">
      <Filter>资源文件</Filter>
    </None>
    <None Include="res\skin\light\rc\branch_line_disabled@2x.png">
      <Filter>资源文件</Filter>
    </None>
    <None Include="res\skin\dark\rc\branch_line_focus.png">
      <Filter>资源文件</Filter>
    </None>
    <None Include="res\skin\light\rc\branch_line_focus.png">
      <Filter>资源文件</Filter>
    </None>
    <None Include="res\skin\dark\rc\branch_line_focus@2x.png">
      <Filter>资源文件</Filter>
    </None>
    <None Include="res\skin\light\rc\branch_line_focus@2x.png">
      <Filter>资源文件</Filter>
    </None>
    <None Include="res\skin\dark\rc\branch_line_pressed.png">
      <Filter>资源文件</Filter>
    </None>
    <None Include="res\skin\light\rc\branch_line_pressed.png">
      <Filter>资源文件</Filter>
    </None>
    <None Include="res\skin\dark\rc\branch_line_pressed@2x.png">
      <Filter>资源文件</Filter>
    </None>
    <None Include="res\skin\light\rc\branch_line_pressed@2x.png">
      <Filter>资源文件</Filter>
    </None>
    <None Include="res\skin\dark\rc\branch_more.png">
      <Filter>资源文件</Filter>
    </None>
    <None Include="res\skin\light\rc\branch_more.png">
      <Filter>资源文件</Filter>
    </None>
    <None Include="res\skin\dark\rc\branch_more@2x.png">
      <Filter>资源文件</Filter>
    </None>
    <None Include="res\skin\light\rc\branch_more@2x.png">
      <Filter>资源文件</Filter>
    </None>
    <None Include="res\skin\dark\rc\branch_more_disabled.png">
      <Filter>资源文件</Filter>
    </None>
    <None Include="res\skin\light\rc\branch_more_disabled.png">
      <Filter>资源文件</Filter>
    </None>
    <None Include="res\skin\dark\rc\branch_more_disabled@2x.png">
      <Filter>资源文件</Filter>
    </None>
    <None Include="res\skin\light\rc\branch_more_disabled@2x.png">
      <Filter>资源文件</Filter>
    </None>
    <None Include="res\skin\dark\rc\branch_more_focus.png">
      <Filter>资源文件</Filter>
    </None>
    <None Include="res\skin\light\rc\branch_more_focus.png">
      <Filter>资源文件</Filter>
    </None>
    <None Include="res\skin\dark\rc\branch_more_focus@2x.png">
      <Filter>资源文件</Filter>
    </None>
    <None Include="res\skin\light\rc\branch_more_focus@2x.png">
      <Filter>资源文件</Filter>
    </None>
    <None Include="res\skin\dark\rc\branch_more_pressed.png">
      <Filter>资源文件</Filter>
    </None>
    <None Include="res\skin\light\rc\branch_more_pressed.png">
      <Filter>资源文件</Filter>
    </None>
    <None Include="res\skin\dark\rc\branch_more_pressed@2x.png">
      <Filter>资源文件</Filter>
    </None>
    <None Include="res\skin\light\rc\branch_more_pressed@2x.png">
      <Filter>资源文件</Filter>
    </None>
    <None Include="res\skin\dark\rc\branch_open.png">
      <Filter>资源文件</Filter>
    </None>
    <None Include="res\skin\light\rc\branch_open.png">
      <Filter>资源文件</Filter>
    </None>
    <None Include="res\skin\dark\rc\branch_open@2x.png">
      <Filter>资源文件</Filter>
    </None>
    <None Include="res\skin\light\rc\branch_open@2x.png">
      <Filter>资源文件</Filter>
    </None>
    <None Include="res\skin\dark\rc\branch_open_disabled.png">
      <Filter>资源文件</Filter>
    </None>
    <None Include="res\skin\light\rc\branch_open_disabled.png">
      <Filter>资源文件</Filter>
    </None>
    <None Include="res\skin\dark\rc\branch_open_disabled@2x.png">
      <Filter>资源文件</Filter>
    </None>
    <None Include="res\skin\light\rc\branch_open_disabled@2x.png">
      <Filter>资源文件</Filter>
    </None>
    <None Include="res\skin\dark\rc\branch_open_focus.png">
      <Filter>资源文件</Filter>
    </None>
    <None Include="res\skin\light\rc\branch_open_focus.png">
      <Filter>资源文件</Filter>
    </None>
    <None Include="res\skin\dark\rc\branch_open_focus@2x.png">
      <Filter>资源文件</Filter>
    </None>
    <None Include="res\skin\light\rc\branch_open_focus@2x.png">
      <Filter>资源文件</Filter>
    </None>
    <None Include="res\skin\dark\rc\branch_open_pressed.png">
      <Filter>资源文件</Filter>
    </None>
    <None Include="res\skin\light\rc\branch_open_pressed.png">
      <Filter>资源文件</Filter>
    </None>
    <None Include="res\skin\dark\rc\branch_open_pressed@2x.png">
      <Filter>资源文件</Filter>
    </None>
    <None Include="res\skin\light\rc\branch_open_pressed@2x.png">
      <Filter>资源文件</Filter>
    </None>
    <None Include="res\image\rc\cancel.png">
      <Filter>资源文件</Filter>
    </None>
    <None Include="res\image\rc\check.png">
      <Filter>资源文件</Filter>
    </None>
    <None Include="res\skin\dark\rc\checkbox_checked.png">
      <Filter>资源文件</Filter>
    </None>
    <None Include="res\skin\light\rc\checkbox_checked.png">
      <Filter>资源文件</Filter>
    </None>
    <None Include="res\skin\dark\rc\checkbox_checked@2x.png">
      <Filter>资源文件</Filter>
    </None>
    <None Include="res\skin\light\rc\checkbox_checked@2x.png">
      <Filter>资源文件</Filter>
    </None>
    <None Include="res\skin\dark\rc\checkbox_checked_disabled.png">
      <Filter>资源文件</Filter>
    </None>
    <None Include="res\skin\light\rc\checkbox_checked_disabled.png">
      <Filter>资源文件</Filter>
    </None>
    <None Include="res\skin\dark\rc\checkbox_checked_disabled@2x.png">
      <Filter>资源文件</Filter>
    </None>
    <None Include="res\skin\light\rc\checkbox_checked_disabled@2x.png">
      <Filter>资源文件</Filter>
    </None>
    <None Include="res\skin\dark\rc\checkbox_checked_focus.png">
      <Filter>资源文件</Filter>
    </None>
    <None Include="res\skin\light\rc\checkbox_checked_focus.png">
      <Filter>资源文件</Filter>
    </None>
    <None Include="res\skin\dark\rc\checkbox_checked_focus@2x.png">
      <Filter>资源文件</Filter>
    </None>
    <None Include="res\skin\light\rc\checkbox_checked_focus@2x.png">
      <Filter>资源文件</Filter>
    </None>
    <None Include="res\skin\dark\rc\checkbox_checked_pressed.png">
      <Filter>资源文件</Filter>
    </None>
    <None Include="res\skin\light\rc\checkbox_checked_pressed.png">
      <Filter>资源文件</Filter>
    </None>
    <None Include="res\skin\dark\rc\checkbox_checked_pressed@2x.png">
      <Filter>资源文件</Filter>
    </None>
    <None Include="res\skin\light\rc\checkbox_checked_pressed@2x.png">
      <Filter>资源文件</Filter>
    </None>
    <None Include="res\skin\dark\rc\checkbox_indeterminate.png">
      <Filter>资源文件</Filter>
    </None>
    <None Include="res\skin\light\rc\checkbox_indeterminate.png">
      <Filter>资源文件</Filter>
    </None>
    <None Include="res\skin\dark\rc\checkbox_indeterminate@2x.png">
      <Filter>资源文件</Filter>
    </None>
    <None Include="res\skin\light\rc\checkbox_indeterminate@2x.png">
      <Filter>资源文件</Filter>
    </None>
    <None Include="res\skin\dark\rc\checkbox_indeterminate_disabled.png">
      <Filter>资源文件</Filter>
    </None>
    <None Include="res\skin\light\rc\checkbox_indeterminate_disabled.png">
      <Filter>资源文件</Filter>
    </None>
    <None Include="res\skin\dark\rc\checkbox_indeterminate_disabled@2x.png">
      <Filter>资源文件</Filter>
    </None>
    <None Include="res\skin\light\rc\checkbox_indeterminate_disabled@2x.png">
      <Filter>资源文件</Filter>
    </None>
    <None Include="res\skin\dark\rc\checkbox_indeterminate_focus.png">
      <Filter>资源文件</Filter>
    </None>
    <None Include="res\skin\light\rc\checkbox_indeterminate_focus.png">
      <Filter>资源文件</Filter>
    </None>
    <None Include="res\skin\dark\rc\checkbox_indeterminate_focus@2x.png">
      <Filter>资源文件</Filter>
    </None>
    <None Include="res\skin\light\rc\checkbox_indeterminate_focus@2x.png">
      <Filter>资源文件</Filter>
    </None>
    <None Include="res\skin\dark\rc\checkbox_indeterminate_pressed.png">
      <Filter>资源文件</Filter>
    </None>
    <None Include="res\skin\light\rc\checkbox_indeterminate_pressed.png">
      <Filter>资源文件</Filter>
    </None>
    <None Include="res\skin\dark\rc\checkbox_indeterminate_pressed@2x.png">
      <Filter>资源文件</Filter>
    </None>
    <None Include="res\skin\light\rc\checkbox_indeterminate_pressed@2x.png">
      <Filter>资源文件</Filter>
    </None>
    <None Include="res\skin\dark\rc\checkbox_unchecked.png">
      <Filter>资源文件</Filter>
    </None>
    <None Include="res\skin\light\rc\checkbox_unchecked.png">
      <Filter>资源文件</Filter>
    </None>
    <None Include="res\skin\dark\rc\checkbox_unchecked@2x.png">
      <Filter>资源文件</Filter>
    </None>
    <None Include="res\skin\light\rc\checkbox_unchecked@2x.png">
      <Filter>资源文件</Filter>
    </None>
    <None Include="res\skin\dark\rc\checkbox_unchecked_disabled.png">
      <Filter>资源文件</Filter>
    </None>
    <None Include="res\skin\light\rc\checkbox_unchecked_disabled.png">
      <Filter>资源文件</Filter>
    </None>
    <None Include="res\skin\dark\rc\checkbox_unchecked_disabled@2x.png">
      <Filter>资源文件</Filter>
    </None>
    <None Include="res\skin\light\rc\checkbox_unchecked_disabled@2x.png">
      <Filter>资源文件</Filter>
    </None>
    <None Include="res\skin\dark\rc\checkbox_unchecked_focus.png">
      <Filter>资源文件</Filter>
    </None>
    <None Include="res\skin\light\rc\checkbox_unchecked_focus.png">
      <Filter>资源文件</Filter>
    </None>
    <None Include="res\skin\dark\rc\checkbox_unchecked_focus@2x.png">
      <Filter>资源文件</Filter>
    </None>
    <None Include="res\skin\light\rc\checkbox_unchecked_focus@2x.png">
      <Filter>资源文件</Filter>
    </None>
    <None Include="res\skin\dark\rc\checkbox_unchecked_pressed.png">
      <Filter>资源文件</Filter>
    </None>
    <None Include="res\skin\light\rc\checkbox_unchecked_pressed.png">
      <Filter>资源文件</Filter>
    </None>
    <None Include="res\skin\dark\rc\checkbox_unchecked_pressed@2x.png">
      <Filter>资源文件</Filter>
    </None>
    <None Include="res\skin\light\rc\checkbox_unchecked_pressed@2x.png">
      <Filter>资源文件</Filter>
    </None>
    <None Include="res\image\rc\confirm.png">
      <Filter>资源文件</Filter>
    </None>
    <QtRcc Include="res\skin\dark\darkstyle.qrc">
      <Filter>资源文件</Filter>
    </QtRcc>
    <None Include="res\skin\dark\darkstyle.qss">
      <Filter>资源文件</Filter>
    </None>
    <None Include="res\image\rc\help.png">
      <Filter>资源文件</Filter>
    </None>
    <None Include="res\image\rc\icon.png">
      <Filter>资源文件</Filter>
    </None>
    <QtRcc Include="res\image\image.qrc">
      <Filter>资源文件</Filter>
    </QtRcc>
    <QtRcc Include="res\skin\light\lightstyle.qrc">
      <Filter>资源文件</Filter>
    </QtRcc>
    <None Include="res\skin\light\lightstyle.qss">
      <Filter>资源文件</Filter>
    </None>
    <None Include="res\skin\dark\rc\line_horizontal.png">
      <Filter>资源文件</Filter>
    </None>
    <None Include="res\skin\light\rc\line_horizontal.png">
      <Filter>资源文件</Filter>
    </None>
    <None Include="res\skin\dark\rc\line_horizontal@2x.png">
      <Filter>资源文件</Filter>
    </None>
    <None Include="res\skin\light\rc\line_horizontal@2x.png">
      <Filter>资源文件</Filter>
    </None>
    <None Include="res\skin\dark\rc\line_horizontal_disabled.png">
      <Filter>资源文件</Filter>
    </None>
    <None Include="res\skin\light\rc\line_horizontal_disabled.png">
      <Filter>资源文件</Filter>
    </None>
    <None Include="res\skin\dark\rc\line_horizontal_disabled@2x.png">
      <Filter>资源文件</Filter>
    </None>
    <None Include="res\skin\light\rc\line_horizontal_disabled@2x.png">
      <Filter>资源文件</Filter>
    </None>
    <None Include="res\skin\dark\rc\line_horizontal_focus.png">
      <Filter>资源文件</Filter>
    </None>
    <None Include="res\skin\light\rc\line_horizontal_focus.png">
      <Filter>资源文件</Filter>
    </None>
    <None Include="res\skin\dark\rc\line_horizontal_focus@2x.png">
      <Filter>资源文件</Filter>
    </None>
    <None Include="res\skin\light\rc\line_horizontal_focus@2x.png">
      <Filter>资源文件</Filter>
    </None>
    <None Include="res\skin\dark\rc\line_horizontal_pressed.png">
      <Filter>资源文件</Filter>
    </None>
    <None Include="res\skin\light\rc\line_horizontal_pressed.png">
      <Filter>资源文件</Filter>
    </None>
    <None Include="res\skin\dark\rc\line_horizontal_pressed@2x.png">
      <Filter>资源文件</Filter>
    </None>
    <None Include="res\skin\light\rc\line_horizontal_pressed@2x.png">
      <Filter>资源文件</Filter>
    </None>
    <None Include="res\skin\dark\rc\line_vertical.png">
      <Filter>资源文件</Filter>
    </None>
    <None Include="res\skin\light\rc\line_vertical.png">
      <Filter>资源文件</Filter>
    </None>
    <None Include="res\skin\dark\rc\line_vertical@2x.png">
      <Filter>资源文件</Filter>
    </None>
    <None Include="res\skin\light\rc\line_vertical@2x.png">
      <Filter>资源文件</Filter>
    </None>
    <None Include="res\skin\dark\rc\line_vertical_disabled.png">
      <Filter>资源文件</Filter>
    </None>
    <None Include="res\skin\light\rc\line_vertical_disabled.png">
      <Filter>资源文件</Filter>
    </None>
    <None Include="res\skin\dark\rc\line_vertical_disabled@2x.png">
      <Filter>资源文件</Filter>
    </None>
    <None Include="res\skin\light\rc\line_vertical_disabled@2x.png">
      <Filter>资源文件</Filter>
    </None>
    <None Include="res\skin\dark\rc\line_vertical_focus.png">
      <Filter>资源文件</Filter>
    </None>
    <None Include="res\skin\light\rc\line_vertical_focus.png">
      <Filter>资源文件</Filter>
    </None>
    <None Include="res\skin\dark\rc\line_vertical_focus@2x.png">
      <Filter>资源文件</Filter>
    </None>
    <None Include="res\skin\light\rc\line_vertical_focus@2x.png">
      <Filter>资源文件</Filter>
    </None>
    <None Include="res\skin\dark\rc\line_vertical_pressed.png">
      <Filter>资源文件</Filter>
    </None>
    <None Include="res\skin\light\rc\line_vertical_pressed.png">
      <Filter>资源文件</Filter>
    </None>
    <None Include="res\skin\dark\rc\line_vertical_pressed@2x.png">
      <Filter>资源文件</Filter>
    </None>
    <None Include="res\skin\light\rc\line_vertical_pressed@2x.png">
      <Filter>资源文件</Filter>
    </None>
    <None Include="res\image\rc\open_file.png">
      <Filter>资源文件</Filter>
    </None>
    <None Include="res\image\rc\polygon.png">
      <Filter>资源文件</Filter>
    </None>
    <None Include="res\skin\dark\rc\radio_checked.png">
      <Filter>资源文件</Filter>
    </None>
    <None Include="res\skin\light\rc\radio_checked.png">
      <Filter>资源文件</Filter>
    </None>
    <None Include="res\skin\dark\rc\radio_checked@2x.png">
      <Filter>资源文件</Filter>
    </None>
    <None Include="res\skin\light\rc\radio_checked@2x.png">
      <Filter>资源文件</Filter>
    </None>
    <None Include="res\skin\dark\rc\radio_checked_disabled.png">
      <Filter>资源文件</Filter>
    </None>
    <None Include="res\skin\light\rc\radio_checked_disabled.png">
      <Filter>资源文件</Filter>
    </None>
    <None Include="res\skin\dark\rc\radio_checked_disabled@2x.png">
      <Filter>资源文件</Filter>
    </None>
    <None Include="res\skin\light\rc\radio_checked_disabled@2x.png">
      <Filter>资源文件</Filter>
    </None>
    <None Include="res\skin\dark\rc\radio_checked_focus.png">
      <Filter>资源文件</Filter>
    </None>
    <None Include="res\skin\light\rc\radio_checked_focus.png">
      <Filter>资源文件</Filter>
    </None>
    <None Include="res\skin\dark\rc\radio_checked_focus@2x.png">
      <Filter>资源文件</Filter>
    </None>
    <None Include="res\skin\light\rc\radio_checked_focus@2x.png">
      <Filter>资源文件</Filter>
    </None>
    <None Include="res\skin\dark\rc\radio_checked_pressed.png">
      <Filter>资源文件</Filter>
    </None>
    <None Include="res\skin\light\rc\radio_checked_pressed.png">
      <Filter>资源文件</Filter>
    </None>
    <None Include="res\skin\dark\rc\radio_checked_pressed@2x.png">
      <Filter>资源文件</Filter>
    </None>
    <None Include="res\skin\light\rc\radio_checked_pressed@2x.png">
      <Filter>资源文件</Filter>
    </None>
    <None Include="res\skin\dark\rc\radio_unchecked.png">
      <Filter>资源文件</Filter>
    </None>
    <None Include="res\skin\light\rc\radio_unchecked.png">
      <Filter>资源文件</Filter>
    </None>
    <None Include="res\skin\dark\rc\radio_unchecked@2x.png">
      <Filter>资源文件</Filter>
    </None>
    <None Include="res\skin\light\rc\radio_unchecked@2x.png">
      <Filter>资源文件</Filter>
    </None>
    <None Include="res\skin\dark\rc\radio_unchecked_disabled.png">
      <Filter>资源文件</Filter>
    </None>
    <None Include="res\skin\light\rc\radio_unchecked_disabled.png">
      <Filter>资源文件</Filter>
    </None>
    <None Include="res\skin\dark\rc\radio_unchecked_disabled@2x.png">
      <Filter>资源文件</Filter>
    </None>
    <None Include="res\skin\light\rc\radio_unchecked_disabled@2x.png">
      <Filter>资源文件</Filter>
    </None>
    <None Include="res\skin\dark\rc\radio_unchecked_focus.png">
      <Filter>资源文件</Filter>
    </None>
    <None Include="res\skin\light\rc\radio_unchecked_focus.png">
      <Filter>资源文件</Filter>
    </None>
    <None Include="res\skin\dark\rc\radio_unchecked_focus@2x.png">
      <Filter>资源文件</Filter>
    </None>
    <None Include="res\skin\light\rc\radio_unchecked_focus@2x.png">
      <Filter>资源文件</Filter>
    </None>
    <None Include="res\skin\dark\rc\radio_unchecked_pressed.png">
      <Filter>资源文件</Filter>
    </None>
    <None Include="res\skin\light\rc\radio_unchecked_pressed.png">
      <Filter>资源文件</Filter>
    </None>
    <None Include="res\skin\dark\rc\radio_unchecked_pressed@2x.png">
      <Filter>资源文件</Filter>
    </None>
    <None Include="res\skin\light\rc\radio_unchecked_pressed@2x.png">
      <Filter>资源文件</Filter>
    </None>
    <None Include="res\skin\dark\rc\toolbar_move_horizontal.png">
      <Filter>资源文件</Filter>
    </None>
    <None Include="res\skin\light\rc\toolbar_move_horizontal.png">
      <Filter>资源文件</Filter>
    </None>
    <None Include="res\skin\dark\rc\toolbar_move_horizontal@2x.png">
      <Filter>资源文件</Filter>
    </None>
    <None Include="res\skin\light\rc\toolbar_move_horizontal@2x.png">
      <Filter>资源文件</Filter>
    </None>
    <None Include="res\skin\dark\rc\toolbar_move_horizontal_disabled.png">
      <Filter>资源文件</Filter>
    </None>
    <None Include="res\skin\light\rc\toolbar_move_horizontal_disabled.png">
      <Filter>资源文件</Filter>
    </None>
    <None Include="res\skin\dark\rc\toolbar_move_horizontal_disabled@2x.png">
      <Filter>资源文件</Filter>
    </None>
    <None Include="res\skin\light\rc\toolbar_move_horizontal_disabled@2x.png">
      <Filter>资源文件</Filter>
    </None>
    <None Include="res\skin\dark\rc\toolbar_move_horizontal_focus.png">
      <Filter>资源文件</Filter>
    </None>
    <None Include="res\skin\light\rc\toolbar_move_horizontal_focus.png">
      <Filter>资源文件</Filter>
    </None>
    <None Include="res\skin\dark\rc\toolbar_move_horizontal_focus@2x.png">
      <Filter>资源文件</Filter>
    </None>
    <None Include="res\skin\light\rc\toolbar_move_horizontal_focus@2x.png">
      <Filter>资源文件</Filter>
    </None>
    <None Include="res\skin\dark\rc\toolbar_move_horizontal_pressed.png">
      <Filter>资源文件</Filter>
    </None>
    <None Include="res\skin\light\rc\toolbar_move_horizontal_pressed.png">
      <Filter>资源文件</Filter>
    </None>
    <None Include="res\skin\dark\rc\toolbar_move_horizontal_pressed@2x.png">
      <Filter>资源文件</Filter>
    </None>
    <None Include="res\skin\light\rc\toolbar_move_horizontal_pressed@2x.png">
      <Filter>资源文件</Filter>
    </None>
    <None Include="res\skin\dark\rc\toolbar_move_vertical.png">
      <Filter>资源文件</Filter>
    </None>
    <None Include="res\skin\light\rc\toolbar_move_vertical.png">
      <Filter>资源文件</Filter>
    </None>
    <None Include="res\skin\dark\rc\toolbar_move_vertical@2x.png">
      <Filter>资源文件</Filter>
    </None>
    <None Include="res\skin\light\rc\toolbar_move_vertical@2x.png">
      <Filter>资源文件</Filter>
    </None>
    <None Include="res\skin\dark\rc\toolbar_move_vertical_disabled.png">
      <Filter>资源文件</Filter>
    </None>
    <None Include="res\skin\light\rc\toolbar_move_vertical_disabled.png">
      <Filter>资源文件</Filter>
    </None>
    <None Include="res\skin\dark\rc\toolbar_move_vertical_disabled@2x.png">
      <Filter>资源文件</Filter>
    </None>
    <None Include="res\skin\light\rc\toolbar_move_vertical_disabled@2x.png">
      <Filter>资源文件</Filter>
    </None>
    <None Include="res\skin\dark\rc\toolbar_move_vertical_focus.png">
      <Filter>资源文件</Filter>
    </None>
    <None Include="res\skin\light\rc\toolbar_move_vertical_focus.png">
      <Filter>资源文件</Filter>
    </None>
    <None Include="res\skin\dark\rc\toolbar_move_vertical_focus@2x.png">
      <Filter>资源文件</Filter>
    </None>
    <None Include="res\skin\light\rc\toolbar_move_vertical_focus@2x.png">
      <Filter>资源文件</Filter>
    </None>
    <None Include="res\skin\dark\rc\toolbar_move_vertical_pressed.png">
      <Filter>资源文件</Filter>
    </None>
    <None Include="res\skin\light\rc\toolbar_move_vertical_pressed.png">
      <Filter>资源文件</Filter>
    </None>
    <None Include="res\skin\dark\rc\toolbar_move_vertical_pressed@2x.png">
      <Filter>资源文件</Filter>
    </None>
    <None Include="res\skin\light\rc\toolbar_move_vertical_pressed@2x.png">
      <Filter>资源文件</Filter>
    </None>
    <None Include="res\skin\dark\rc\toolbar_separator_horizontal.png">
      <Filter>资源文件</Filter>
    </None>
    <None Include="res\skin\light\rc\toolbar_separator_horizontal.png">
      <Filter>资源文件</Filter>
    </None>
    <None Include="res\skin\dark\rc\toolbar_separator_horizontal@2x.png">
      <Filter>资源文件</Filter>
    </None>
    <None Include="res\skin\light\rc\toolbar_separator_horizontal@2x.png">
      <Filter>资源文件</Filter>
    </None>
    <None Include="res\skin\dark\rc\toolbar_separator_horizontal_disabled.png">
      <Filter>资源文件</Filter>
    </None>
    <None Include="res\skin\light\rc\toolbar_separator_horizontal_disabled.png">
      <Filter>资源文件</Filter>
    </None>
    <None Include="res\skin\dark\rc\toolbar_separator_horizontal_disabled@2x.png">
      <Filter>资源文件</Filter>
    </None>
    <None Include="res\skin\light\rc\toolbar_separator_horizontal_disabled@2x.png">
      <Filter>资源文件</Filter>
    </None>
    <None Include="res\skin\dark\rc\toolbar_separator_horizontal_focus.png">
      <Filter>资源文件</Filter>
    </None>
    <None Include="res\skin\light\rc\toolbar_separator_horizontal_focus.png">
      <Filter>资源文件</Filter>
    </None>
    <None Include="res\skin\dark\rc\toolbar_separator_horizontal_focus@2x.png">
      <Filter>资源文件</Filter>
    </None>
    <None Include="res\skin\light\rc\toolbar_separator_horizontal_focus@2x.png">
      <Filter>资源文件</Filter>
    </None>
    <None Include="res\skin\dark\rc\toolbar_separator_horizontal_pressed.png">
      <Filter>资源文件</Filter>
    </None>
    <None Include="res\skin\light\rc\toolbar_separator_horizontal_pressed.png">
      <Filter>资源文件</Filter>
    </None>
    <None Include="res\skin\dark\rc\toolbar_separator_horizontal_pressed@2x.png">
      <Filter>资源文件</Filter>
    </None>
    <None Include="res\skin\light\rc\toolbar_separator_horizontal_pressed@2x.png">
      <Filter>资源文件</Filter>
    </None>
    <None Include="res\skin\dark\rc\toolbar_separator_vertical.png">
      <Filter>资源文件</Filter>
    </None>
    <None Include="res\skin\light\rc\toolbar_separator_vertical.png">
      <Filter>资源文件</Filter>
    </None>
    <None Include="res\skin\dark\rc\toolbar_separator_vertical@2x.png">
      <Filter>资源文件</Filter>
    </None>
    <None Include="res\skin\light\rc\toolbar_separator_vertical@2x.png">
      <Filter>资源文件</Filter>
    </None>
    <None Include="res\skin\dark\rc\toolbar_separator_vertical_disabled.png">
      <Filter>资源文件</Filter>
    </None>
    <None Include="res\skin\light\rc\toolbar_separator_vertical_disabled.png">
      <Filter>资源文件</Filter>
    </None>
    <None Include="res\skin\dark\rc\toolbar_separator_vertical_disabled@2x.png">
      <Filter>资源文件</Filter>
    </None>
    <None Include="res\skin\light\rc\toolbar_separator_vertical_disabled@2x.png">
      <Filter>资源文件</Filter>
    </None>
    <None Include="res\skin\dark\rc\toolbar_separator_vertical_focus.png">
      <Filter>资源文件</Filter>
    </None>
    <None Include="res\skin\light\rc\toolbar_separator_vertical_focus.png">
      <Filter>资源文件</Filter>
    </None>
    <None Include="res\skin\dark\rc\toolbar_separator_vertical_focus@2x.png">
      <Filter>资源文件</Filter>
    </None>
    <None Include="res\skin\light\rc\toolbar_separator_vertical_focus@2x.png">
      <Filter>资源文件</Filter>
    </None>
    <None Include="res\skin\dark\rc\toolbar_separator_vertical_pressed.png">
      <Filter>资源文件</Filter>
    </None>
    <None Include="res\skin\light\rc\toolbar_separator_vertical_pressed.png">
      <Filter>资源文件</Filter>
    </None>
    <None Include="res\skin\dark\rc\toolbar_separator_vertical_pressed@2x.png">
      <Filter>资源文件</Filter>
    </None>
    <None Include="res\skin\light\rc\toolbar_separator_vertical_pressed@2x.png">
      <Filter>资源文件</Filter>
    </None>
    <None Include="res\skin\dark\rc\transparent.png">
      <Filter>资源文件</Filter>
    </None>
    <None Include="res\skin\light\rc\transparent.png">
      <Filter>资源文件</Filter>
    </None>
    <None Include="res\skin\dark\rc\transparent@2x.png">
      <Filter>资源文件</Filter>
    </None>
    <None Include="res\skin\light\rc\transparent@2x.png">
      <Filter>资源文件</Filter>
    </None>
    <None Include="res\skin\dark\rc\transparent_disabled.png">
      <Filter>资源文件</Filter>
    </None>
    <None Include="res\skin\light\rc\transparent_disabled.png">
      <Filter>资源文件</Filter>
    </None>
    <None Include="res\skin\dark\rc\transparent_disabled@2x.png">
      <Filter>资源文件</Filter>
    </None>
    <None Include="res\skin\light\rc\transparent_disabled@2x.png">
      <Filter>资源文件</Filter>
    </None>
    <None Include="res\skin\dark\rc\transparent_focus.png">
      <Filter>资源文件</Filter>
    </None>
    <None Include="res\skin\light\rc\transparent_focus.png">
      <Filter>资源文件</Filter>
    </None>
    <None Include="res\skin\dark\rc\transparent_focus@2x.png">
      <Filter>资源文件</Filter>
    </None>
    <None Include="res\skin\light\rc\transparent_focus@2x.png">
      <Filter>资源文件</Filter>
    </None>
    <None Include="res\skin\dark\rc\transparent_pressed.png">
      <Filter>资源文件</Filter>
    </None>
    <None Include="res\skin\light\rc\transparent_pressed.png">
      <Filter>资源文件</Filter>
    </None>
    <None Include="res\skin\dark\rc\transparent_pressed@2x.png">
      <Filter>资源文件</Filter>
    </None>
    <None Include="res\skin\light\rc\transparent_pressed@2x.png">
      <Filter>资源文件</Filter>
    </None>
    <None Include="res\image\rc\uncheck.png">
      <Filter>资源文件</Filter>
    </None>
    <None Include="res\skin\dark\rc\window_close.png">
      <Filter>资源文件</Filter>
    </None>
    <None Include="res\skin\light\rc\window_close.png">
      <Filter>资源文件</Filter>
    </None>
    <None Include="res\skin\dark\rc\window_close@2x.png">
      <Filter>资源文件</Filter>
    </None>
    <None Include="res\skin\light\rc\window_close@2x.png">
      <Filter>资源文件</Filter>
    </None>
    <None Include="res\skin\dark\rc\window_close_disabled.png">
      <Filter>资源文件</Filter>
    </None>
    <None Include="res\skin\light\rc\window_close_disabled.png">
      <Filter>资源文件</Filter>
    </None>
    <None Include="res\skin\dark\rc\window_close_disabled@2x.png">
      <Filter>资源文件</Filter>
    </None>
    <None Include="res\skin\light\rc\window_close_disabled@2x.png">
      <Filter>资源文件</Filter>
    </None>
    <None Include="res\skin\dark\rc\window_close_focus.png">
      <Filter>资源文件</Filter>
    </None>
    <None Include="res\skin\light\rc\window_close_focus.png">
      <Filter>资源文件</Filter>
    </None>
    <None Include="res\skin\dark\rc\window_close_focus@2x.png">
      <Filter>资源文件</Filter>
    </None>
    <None Include="res\skin\light\rc\window_close_focus@2x.png">
      <Filter>资源文件</Filter>
    </None>
    <None Include="res\skin\dark\rc\window_close_pressed.png">
      <Filter>资源文件</Filter>
    </None>
    <None Include="res\skin\light\rc\window_close_pressed.png">
      <Filter>资源文件</Filter>
    </None>
    <None Include="res\skin\dark\rc\window_close_pressed@2x.png">
      <Filter>资源文件</Filter>
    </None>
    <None Include="res\skin\light\rc\window_close_pressed@2x.png">
      <Filter>资源文件</Filter>
    </None>
    <None Include="res\skin\dark\rc\window_grip.png">
      <Filter>资源文件</Filter>
    </None>
    <None Include="res\skin\light\rc\window_grip.png">
      <Filter>资源文件</Filter>
    </None>
    <None Include="res\skin\dark\rc\window_grip@2x.png">
      <Filter>资源文件</Filter>
    </None>
    <None Include="res\skin\light\rc\window_grip@2x.png">
      <Filter>资源文件</Filter>
    </None>
    <None Include="res\skin\dark\rc\window_grip_disabled.png">
      <Filter>资源文件</Filter>
    </None>
    <None Include="res\skin\light\rc\window_grip_disabled.png">
      <Filter>资源文件</Filter>
    </None>
    <None Include="res\skin\dark\rc\window_grip_disabled@2x.png">
      <Filter>资源文件</Filter>
    </None>
    <None Include="res\skin\light\rc\window_grip_disabled@2x.png">
      <Filter>资源文件</Filter>
    </None>
    <None Include="res\skin\dark\rc\window_grip_focus.png">
      <Filter>资源文件</Filter>
    </None>
    <None Include="res\skin\light\rc\window_grip_focus.png">
      <Filter>资源文件</Filter>
    </None>
    <None Include="res\skin\dark\rc\window_grip_focus@2x.png">
      <Filter>资源文件</Filter>
    </None>
    <None Include="res\skin\light\rc\window_grip_focus@2x.png">
      <Filter>资源文件</Filter>
    </None>
    <None Include="res\skin\dark\rc\window_grip_pressed.png">
      <Filter>资源文件</Filter>
    </None>
    <None Include="res\skin\light\rc\window_grip_pressed.png">
      <Filter>资源文件</Filter>
    </None>
    <None Include="res\skin\dark\rc\window_grip_pressed@2x.png">
      <Filter>资源文件</Filter>
    </None>
    <None Include="res\skin\light\rc\window_grip_pressed@2x.png">
      <Filter>资源文件</Filter>
    </None>
    <None Include="res\skin\dark\rc\window_minimize.png">
      <Filter>资源文件</Filter>
    </None>
    <None Include="res\skin\light\rc\window_minimize.png">
      <Filter>资源文件</Filter>
    </None>
    <None Include="res\skin\dark\rc\window_minimize@2x.png">
      <Filter>资源文件</Filter>
    </None>
    <None Include="res\skin\light\rc\window_minimize@2x.png">
      <Filter>资源文件</Filter>
    </None>
    <None Include="res\skin\dark\rc\window_minimize_disabled.png">
      <Filter>资源文件</Filter>
    </None>
    <None Include="res\skin\light\rc\window_minimize_disabled.png">
      <Filter>资源文件</Filter>
    </None>
    <None Include="res\skin\dark\rc\window_minimize_disabled@2x.png">
      <Filter>资源文件</Filter>
    </None>
    <None Include="res\skin\light\rc\window_minimize_disabled@2x.png">
      <Filter>资源文件</Filter>
    </None>
    <None Include="res\skin\dark\rc\window_minimize_focus.png">
      <Filter>资源文件</Filter>
    </None>
    <None Include="res\skin\light\rc\window_minimize_focus.png">
      <Filter>资源文件</Filter>
    </None>
    <None Include="res\skin\dark\rc\window_minimize_focus@2x.png">
      <Filter>资源文件</Filter>
    </None>
    <None Include="res\skin\light\rc\window_minimize_focus@2x.png">
      <Filter>资源文件</Filter>
    </None>
    <None Include="res\skin\dark\rc\window_minimize_pressed.png">
      <Filter>资源文件</Filter>
    </None>
    <None Include="res\skin\light\rc\window_minimize_pressed.png">
      <Filter>资源文件</Filter>
    </None>
    <None Include="res\skin\dark\rc\window_minimize_pressed@2x.png">
      <Filter>资源文件</Filter>
    </None>
    <None Include="res\skin\light\rc\window_minimize_pressed@2x.png">
      <Filter>资源文件</Filter>
    </None>
    <None Include="res\skin\dark\rc\window_undock.png">
      <Filter>资源文件</Filter>
    </None>
    <None Include="res\skin\light\rc\window_undock.png">
      <Filter>资源文件</Filter>
    </None>
    <None Include="res\skin\dark\rc\window_undock@2x.png">
      <Filter>资源文件</Filter>
    </None>
    <None Include="res\skin\light\rc\window_undock@2x.png">
      <Filter>资源文件</Filter>
    </None>
    <None Include="res\skin\dark\rc\window_undock_disabled.png">
      <Filter>资源文件</Filter>
    </None>
    <None Include="res\skin\light\rc\window_undock_disabled.png">
      <Filter>资源文件</Filter>
    </None>
    <None Include="res\skin\dark\rc\window_undock_disabled@2x.png">
      <Filter>资源文件</Filter>
    </None>
    <None Include="res\skin\light\rc\window_undock_disabled@2x.png">
      <Filter>资源文件</Filter>
    </None>
    <None Include="res\skin\dark\rc\window_undock_focus.png">
      <Filter>资源文件</Filter>
    </None>
    <None Include="res\skin\light\rc\window_undock_focus.png">
      <Filter>资源文件</Filter>
    </None>
    <None Include="res\skin\dark\rc\window_undock_focus@2x.png">
      <Filter>资源文件</Filter>
    </None>
    <None Include="res\skin\light\rc\window_undock_focus@2x.png">
      <Filter>资源文件</Filter>
    </None>
    <None Include="res\skin\dark\rc\window_undock_pressed.png">
      <Filter>资源文件</Filter>
    </None>
    <None Include="res\skin\light\rc\window_undock_pressed.png">
      <Filter>资源文件</Filter>
    </None>
    <None Include="res\skin\dark\rc\window_undock_pressed@2x.png">
      <Filter>资源文件</Filter>
    </None>
    <None Include="res\skin\light\rc\window_undock_pressed@2x.png">
      <Filter>资源文件</Filter>
    </None>
  </ItemGroup>
  <ItemGroup>
    <ClInclude Include="src\hv\base\hbase.h">
      <Filter>头文件\hv</Filter>
    </ClInclude>
    <ClInclude Include="src\hv\base\hbuf.h">
      <Filter>头文件\hv</Filter>
    </ClInclude>
    <ClInclude Include="src\hv\hconfig.h">
      <Filter>头文件\hv</Filter>
    </ClInclude>
    <ClInclude Include="src\hv\base\hdef.h">
      <Filter>头文件\hv</Filter>
    </ClInclude>
    <ClInclude Include="src\hv\base\herr.h">
      <Filter>头文件\hv</Filter>
    </ClInclude>
    <ClInclude Include="src\hv\hexport.h">
      <Filter>头文件\hv</Filter>
    </ClInclude>
    <ClInclude Include="src\hv\base\hlog.h">
      <Filter>头文件\hv</Filter>
    </ClInclude>
    <ClInclude Include="src\hv\base\hmutex.h">
      <Filter>头文件\hv</Filter>
    </ClInclude>
    <ClInclude Include="src\hv\base\hplatform.h">
      <Filter>头文件\hv</Filter>
    </ClInclude>
    <ClInclude Include="src\hv\base\hscope.h">
      <Filter>头文件\hv</Filter>
    </ClInclude>
    <ClInclude Include="src\hv\base\hstring.h">
      <Filter>头文件\hv</Filter>
    </ClInclude>
    <ClInclude Include="src\hv\base\hthread.h">
      <Filter>头文件\hv</Filter>
    </ClInclude>
    <ClInclude Include="src\hv\base\htime.h">
      <Filter>头文件\hv</Filter>
    </ClInclude>
    <ClInclude Include="src\hv\hv.h">
      <Filter>头文件\hv</Filter>
    </ClInclude>
    <ClInclude Include="src\hv\base\hversion.h">
      <Filter>头文件\hv</Filter>
    </ClInclude>
    <ClInclude Include="src\annotations\annotationitem.h">
      <Filter>头文件\annotation</Filter>
    </ClInclude>
    <ClInclude Include="src\annotations\segannotationitem.h">
      <Filter>头文件\annotation</Filter>
    </ClInclude>
    <ClInclude Include="src\ui\customlistwidget.h">
      <Filter>头文件\ui</Filter>
    </ClInclude>
    <ClInclude Include="src\qt\qtfunctions.h">
      <Filter>头文件\qt</Filter>
    </ClInclude>
    <ClInclude Include="src\qt\qtheaders.h">
      <Filter>头文件\qt</Filter>
    </ClInclude>
    <ClInclude Include="src\qt\qtstyles.h">
      <Filter>头文件\qt</Filter>
    </ClInclude>
    <ClInclude Include="src\hv\utils\singleton.h">
      <Filter>头文件\utils</Filter>
    </ClInclude>
  </ItemGroup>
  <ItemGroup>
    <QtMoc Include="src\controllers\annotationcontainer.h">
      <Filter>头文件\controllers</Filter>
    </QtMoc>
    <QtMoc Include="src\canvas\canvas2d.h">
      <Filter>头文件\canvas</Filter>
    </QtMoc>
    <QtMoc Include="src\canvas\canvasbase.h">
      <Filter>头文件\canvas</Filter>
    </QtMoc>
    <QtMoc Include="src\controllers\filemanager.h">
      <Filter>头文件\controllers</Filter>
    </QtMoc>
  </ItemGroup>
</Project>