<?xml version="1.0" encoding="utf-8"?>
<Project xmlns="http://schemas.microsoft.com/developer/msbuild/2003">
  <ItemGroup>
    <Filter Include="Resource Files">
      <UniqueIdentifier>{D9D6E242-F8AF-46E4-B9FD-80ECBC20BA3E}</UniqueIdentifier>
      <Extensions>qrc;*</Extensions>
      <ParseFiles>false</ParseFiles>
    </Filter>
    <Filter Include="Resource Files">
      <UniqueIdentifier>{D9D6E242-F8AF-46E4-B9FD-80ECBC20BA3E}</UniqueIdentifier>
      <Extensions>qrc;*</Extensions>
      <ParseFiles>false</ParseFiles>
    </Filter>
    <Filter Include="Src">
      <UniqueIdentifier>{be4b317f-2512-4f3e-b388-0febcf612e4f}</UniqueIdentifier>
    </Filter>
    <Filter Include="Src\Annotations">
      <UniqueIdentifier>{0d93cd4a-7fb7-4151-b0cb-71e42f89af29}</UniqueIdentifier>
    </Filter>
    <Filter Include="Src\Canvas">
      <UniqueIdentifier>{ec00f3fa-14fc-46ae-811f-23a23306ffbb}</UniqueIdentifier>
    </Filter>
    <Filter Include="Src\Controllers">
      <UniqueIdentifier>{c21fae4a-b0f3-4f9d-a440-9ed6c0d0aade}</UniqueIdentifier>
    </Filter>
    <Filter Include="Src\Global">
      <UniqueIdentifier>{b69271c9-d621-4fbf-911c-a36b45528efc}</UniqueIdentifier>
    </Filter>
    <Filter Include="Src\Qt">
      <UniqueIdentifier>{62587ea1-596d-4447-bfe2-5d3c306d2c83}</UniqueIdentifier>
    </Filter>
    <Filter Include="Src\Ui">
      <UniqueIdentifier>{2c9a8ce3-5773-4688-ab5f-f44fa91da32b}</UniqueIdentifier>
    </Filter>
    <Filter Include="Src\Util">
      <UniqueIdentifier>{4fff0015-6a25-4ce5-b4cc-cea446aa5df5}</UniqueIdentifier>
    </Filter>
    <Filter Include="3rd">
      <UniqueIdentifier>{6117445d-d069-4798-a599-1626696b18fa}</UniqueIdentifier>
    </Filter>
    <Filter Include="3rd\Hv">
      <UniqueIdentifier>{f0fcecd3-6102-4d48-a193-ba1b0ade9632}</UniqueIdentifier>
    </Filter>
    <Filter Include="3rd\Magic_enum">
      <UniqueIdentifier>{1c22c279-2587-46fb-852c-6a24e8949b8b}</UniqueIdentifier>
    </Filter>
    <Filter Include="3rd\NlohmannJson">
      <UniqueIdentifier>{a5af5672-61d2-4e8c-b150-16e33ba4873b}</UniqueIdentifier>
    </Filter>
    <Filter Include="3rd\SpdLog">
      <UniqueIdentifier>{11ec5030-8a1d-4a96-aa67-1a0c2544de5e}</UniqueIdentifier>
    </Filter>
    <Filter Include="生成文件">
      <UniqueIdentifier>{71ED8ED8-ACB9-4CE9-BBE1-E00B30144E11}</UniqueIdentifier>
      <Extensions>cpp;c;cxx;moc;h;def;odl;idl;res;</Extensions>
    </Filter>
  </ItemGroup>
  <ItemGroup>
    <ClCompile Include="src\Canvas\CanvasBase.cpp">
      <Filter>Src\Canvas</Filter>
    </ClCompile>
    <ClCompile Include="src\Controllers\commands.cpp">
      <Filter>Src\Controllers</Filter>
    </ClCompile>
    <ClCompile Include="src\Controllers\filemanager.cpp">
      <Filter>Src\Controllers</Filter>
    </ClCompile>
    <ClCompile Include="src\Controllers\jsonManager.cpp">
      <Filter>Src\Controllers</Filter>
    </ClCompile>
    <ClCompile Include="src\Controllers\labelmanager.cpp">
      <Filter>Src\Controllers</Filter>
    </ClCompile>
    <ClCompile Include="src\Global\ycommon.cpp">
      <Filter>Src\Global</Filter>
    </ClCompile>
    <ClCompile Include="src\Global\main.cpp">
      <Filter>Src\Global</Filter>
    </ClCompile>
    <ClCompile Include="src\Qt\qtrcloader.cpp">
      <Filter>Src\Qt</Filter>
    </ClCompile>
    <ClCompile Include="src\Ui\customlistwidget.cpp">
      <Filter>Src\Ui</Filter>
    </ClCompile>
    <ClCompile Include="src\Ui\labeldialog.cpp">
      <Filter>Src\Ui</Filter>
    </ClCompile>
    <ClCompile Include="src\Ui\window.cpp">
      <Filter>Src\Ui</Filter>
    </ClCompile>
    <ClCompile Include="src\Ui\ydockwidget.cpp">
      <Filter>Src\Ui</Filter>
    </ClCompile>
    <ClCompile Include="3rd\hv\utils\iniparser.cpp">
      <Filter>3rd\Hv</Filter>
    </ClCompile>
    <ClCompile Include="3rd\hv\base\hbase.c">
      <Filter>3rd\Hv</Filter>
    </ClCompile>
    <ClCompile Include="3rd\hv\base\herr.c">
      <Filter>3rd\Hv</Filter>
    </ClCompile>
    <ClCompile Include="3rd\hv\base\hlog.c">
      <Filter>3rd\Hv</Filter>
    </ClCompile>
    <ClCompile Include="3rd\hv\base\hstring.cpp">
      <Filter>3rd\Hv</Filter>
    </ClCompile>
    <ClCompile Include="3rd\hv\base\htime.c">
      <Filter>3rd\Hv</Filter>
    </ClCompile>
    <ClCompile Include="3rd\hv\base\hversion.c">
      <Filter>3rd\Hv</Filter>
    </ClCompile>
    <ClCompile Include="3rd\Spdlog\ylog.cpp">
      <Filter>3rd\SpdLog</Filter>
    </ClCompile>
    <ClCompile Include="Src\Annotations\shape.cpp">
      <Filter>Src\Annotations</Filter>
    </ClCompile>
    <ClCompile Include="Src\Ui\CanvasView.cpp">
      <Filter>Src\Ui</Filter>
    </ClCompile>
    <ClCompile Include="Src\Canvas\Canvas2D.cpp">
      <Filter>Src\Canvas</Filter>
    </ClCompile>
    <ClCompile Include="Src\Ui\ImageAdj.cpp">
      <Filter>Src\Ui</Filter>
    </ClCompile>
    <ClCompile Include="src\annotations\ypolygon.cpp">
      <Filter>Src\Annotations</Filter>
    </ClCompile>
    <ClCompile Include="src\annotations\yrectangle.cpp">
      <Filter>Src\Annotations</Filter>
    </ClCompile>
  </ItemGroup>
  <ItemGroup>
    <ClInclude Include="src\Annotations\shapefactory.h">
      <Filter>Src\Annotations</Filter>
    </ClInclude>
    <ClInclude Include="src\Annotations\yrectangle.h">
      <Filter>Src\Annotations</Filter>
    </ClInclude>
    <ClInclude Include="src\Annotations\ypolygon.h">
      <Filter>Src\Annotations</Filter>
    </ClInclude>
    <ClInclude Include="src\Controllers\jsonManager.h">
      <Filter>Src\Controllers</Filter>
    </ClInclude>
    <ClInclude Include="src\Controllers\commands.h">
      <Filter>Src\Controllers</Filter>
    </ClInclude>
    <ClInclude Include="src\Global\ycommon.h">
      <Filter>Src\Global</Filter>
    </ClInclude>
    <ClInclude Include="src\Global\singleton.hpp">
      <Filter>Src\Global</Filter>
    </ClInclude>
    <ClInclude Include="src\Global\appdef.h">
      <Filter>Src\Global</Filter>
    </ClInclude>
    <QtMoc Include="src\Ui\ydockwidget.h">
      <Filter>Src\Ui</Filter>
    </QtMoc>
    <QtMoc Include="src\Ui\window.h">
      <Filter>Src\Ui</Filter>
    </QtMoc>
    <QtMoc Include="src\Ui\labeldialog.h">
      <Filter>Src\Ui</Filter>
    </QtMoc>
    <ClInclude Include="3rd\NlohmannJson\json.hpp">
      <Filter>3rd\NlohmannJson</Filter>
    </ClInclude>
    <ClInclude Include="3rd\hv\utils\singleton.h">
      <Filter>3rd\Hv</Filter>
    </ClInclude>
    <ClInclude Include="3rd\hv\base\hbase.h">
      <Filter>3rd\Hv</Filter>
    </ClInclude>
    <ClInclude Include="3rd\hv\base\hbuf.h">
      <Filter>3rd\Hv</Filter>
    </ClInclude>
    <ClInclude Include="3rd\hv\hconfig.h">
      <Filter>3rd\Hv</Filter>
    </ClInclude>
    <ClInclude Include="3rd\hv\base\hdef.h">
      <Filter>3rd\Hv</Filter>
    </ClInclude>
    <ClInclude Include="3rd\hv\base\herr.h">
      <Filter>3rd\Hv</Filter>
    </ClInclude>
    <ClInclude Include="3rd\hv\hexport.h">
      <Filter>3rd\Hv</Filter>
    </ClInclude>
    <ClInclude Include="3rd\hv\base\hlog.h">
      <Filter>3rd\Hv</Filter>
    </ClInclude>
    <ClInclude Include="3rd\hv\base\hmutex.h">
      <Filter>3rd\Hv</Filter>
    </ClInclude>
    <ClInclude Include="3rd\hv\base\hplatform.h">
      <Filter>3rd\Hv</Filter>
    </ClInclude>
    <ClInclude Include="3rd\hv\base\hscope.h">
      <Filter>3rd\Hv</Filter>
    </ClInclude>
    <ClInclude Include="3rd\hv\base\hstring.h">
      <Filter>3rd\Hv</Filter>
    </ClInclude>
    <ClInclude Include="3rd\hv\base\hthread.h">
      <Filter>3rd\Hv</Filter>
    </ClInclude>
    <ClInclude Include="3rd\hv\base\htime.h">
      <Filter>3rd\Hv</Filter>
    </ClInclude>
    <ClInclude Include="3rd\hv\hv.h">
      <Filter>3rd\Hv</Filter>
    </ClInclude>
    <ClInclude Include="3rd\hv\base\hversion.h">
      <Filter>3rd\Hv</Filter>
    </ClInclude>
    <ClInclude Include="3rd\hv\utils\iniparser.h">
      <Filter>3rd\Hv</Filter>
    </ClInclude>
    <ClInclude Include="3rd\NlohmannJson\fifo_map.hpp">
      <Filter>3rd\NlohmannJson</Filter>
    </ClInclude>
    <ClInclude Include="src\Global\confile.h">
      <Filter>Src\Global</Filter>
    </ClInclude>
    <ClInclude Include="Src\Qt\qtheaders.h">
      <Filter>Src\Qt</Filter>
    </ClInclude>
    <ClInclude Include="3rd\Magic_enum\magic_enum.hpp">
      <Filter>3rd\Magic_enum</Filter>
    </ClInclude>
    <ClInclude Include="3rd\Spdlog\ylog.h">
      <Filter>3rd\SpdLog</Filter>
    </ClInclude>
    <ClInclude Include="Src\Canvas\Canvas2D.h">
      <Filter>Src\Canvas</Filter>
    </ClInclude>
    <ClInclude Include="Src\Global\ydefine.h">
      <Filter>Src\Global</Filter>
    </ClInclude>
    <ClInclude Include="res\Resource\resource.h">
      <Filter>Resource Files</Filter>
    </ClInclude>
    <ClInclude Include="yfunction.h">
      <Filter>Src\Global</Filter>
    </ClInclude>
  </ItemGroup>
  <ItemGroup>
    <CustomBuild Include="build\moc\moc_predefs.h.cbt">
      <Filter>生成文件</Filter>
    </CustomBuild>
  </ItemGroup>
  <ItemGroup>
    <None Include="res\skin\dark\rc\arrow_down.png">
      <Filter>Resource Files</Filter>
    </None>
    <None Include="res\skin\light\rc\arrow_down.png">
      <Filter>Resource Files</Filter>
    </None>
    <None Include="res\skin\dark\rc\arrow_down@2x.png">
      <Filter>Resource Files</Filter>
    </None>
    <None Include="res\skin\light\rc\arrow_down@2x.png">
      <Filter>Resource Files</Filter>
    </None>
    <None Include="res\skin\dark\rc\arrow_down_disabled.png">
      <Filter>Resource Files</Filter>
    </None>
    <None Include="res\skin\light\rc\arrow_down_disabled.png">
      <Filter>Resource Files</Filter>
    </None>
    <None Include="res\skin\dark\rc\arrow_down_disabled@2x.png">
      <Filter>Resource Files</Filter>
    </None>
    <None Include="res\skin\light\rc\arrow_down_disabled@2x.png">
      <Filter>Resource Files</Filter>
    </None>
    <None Include="res\skin\dark\rc\arrow_down_focus.png">
      <Filter>Resource Files</Filter>
    </None>
    <None Include="res\skin\light\rc\arrow_down_focus.png">
      <Filter>Resource Files</Filter>
    </None>
    <None Include="res\skin\dark\rc\arrow_down_focus@2x.png">
      <Filter>Resource Files</Filter>
    </None>
    <None Include="res\skin\light\rc\arrow_down_focus@2x.png">
      <Filter>Resource Files</Filter>
    </None>
    <None Include="res\skin\dark\rc\arrow_down_pressed.png">
      <Filter>Resource Files</Filter>
    </None>
    <None Include="res\skin\light\rc\arrow_down_pressed.png">
      <Filter>Resource Files</Filter>
    </None>
    <None Include="res\skin\dark\rc\arrow_down_pressed@2x.png">
      <Filter>Resource Files</Filter>
    </None>
    <None Include="res\skin\light\rc\arrow_down_pressed@2x.png">
      <Filter>Resource Files</Filter>
    </None>
    <None Include="res\skin\dark\rc\arrow_left.png">
      <Filter>Resource Files</Filter>
    </None>
    <None Include="res\skin\light\rc\arrow_left.png">
      <Filter>Resource Files</Filter>
    </None>
    <None Include="res\skin\dark\rc\arrow_left@2x.png">
      <Filter>Resource Files</Filter>
    </None>
    <None Include="res\skin\light\rc\arrow_left@2x.png">
      <Filter>Resource Files</Filter>
    </None>
    <None Include="res\skin\dark\rc\arrow_left_disabled.png">
      <Filter>Resource Files</Filter>
    </None>
    <None Include="res\skin\light\rc\arrow_left_disabled.png">
      <Filter>Resource Files</Filter>
    </None>
    <None Include="res\skin\dark\rc\arrow_left_disabled@2x.png">
      <Filter>Resource Files</Filter>
    </None>
    <None Include="res\skin\light\rc\arrow_left_disabled@2x.png">
      <Filter>Resource Files</Filter>
    </None>
    <None Include="res\skin\dark\rc\arrow_left_focus.png">
      <Filter>Resource Files</Filter>
    </None>
    <None Include="res\skin\light\rc\arrow_left_focus.png">
      <Filter>Resource Files</Filter>
    </None>
    <None Include="res\skin\dark\rc\arrow_left_focus@2x.png">
      <Filter>Resource Files</Filter>
    </None>
    <None Include="res\skin\light\rc\arrow_left_focus@2x.png">
      <Filter>Resource Files</Filter>
    </None>
    <None Include="res\skin\dark\rc\arrow_left_pressed.png">
      <Filter>Resource Files</Filter>
    </None>
    <None Include="res\skin\light\rc\arrow_left_pressed.png">
      <Filter>Resource Files</Filter>
    </None>
    <None Include="res\skin\dark\rc\arrow_left_pressed@2x.png">
      <Filter>Resource Files</Filter>
    </None>
    <None Include="res\skin\light\rc\arrow_left_pressed@2x.png">
      <Filter>Resource Files</Filter>
    </None>
    <None Include="res\skin\dark\rc\arrow_right.png">
      <Filter>Resource Files</Filter>
    </None>
    <None Include="res\skin\light\rc\arrow_right.png">
      <Filter>Resource Files</Filter>
    </None>
    <None Include="res\skin\dark\rc\arrow_right@2x.png">
      <Filter>Resource Files</Filter>
    </None>
    <None Include="res\skin\light\rc\arrow_right@2x.png">
      <Filter>Resource Files</Filter>
    </None>
    <None Include="res\skin\dark\rc\arrow_right_disabled.png">
      <Filter>Resource Files</Filter>
    </None>
    <None Include="res\skin\light\rc\arrow_right_disabled.png">
      <Filter>Resource Files</Filter>
    </None>
    <None Include="res\skin\dark\rc\arrow_right_disabled@2x.png">
      <Filter>Resource Files</Filter>
    </None>
    <None Include="res\skin\light\rc\arrow_right_disabled@2x.png">
      <Filter>Resource Files</Filter>
    </None>
    <None Include="res\skin\dark\rc\arrow_right_focus.png">
      <Filter>Resource Files</Filter>
    </None>
    <None Include="res\skin\light\rc\arrow_right_focus.png">
      <Filter>Resource Files</Filter>
    </None>
    <None Include="res\skin\dark\rc\arrow_right_focus@2x.png">
      <Filter>Resource Files</Filter>
    </None>
    <None Include="res\skin\light\rc\arrow_right_focus@2x.png">
      <Filter>Resource Files</Filter>
    </None>
    <None Include="res\skin\dark\rc\arrow_right_pressed.png">
      <Filter>Resource Files</Filter>
    </None>
    <None Include="res\skin\light\rc\arrow_right_pressed.png">
      <Filter>Resource Files</Filter>
    </None>
    <None Include="res\skin\dark\rc\arrow_right_pressed@2x.png">
      <Filter>Resource Files</Filter>
    </None>
    <None Include="res\skin\light\rc\arrow_right_pressed@2x.png">
      <Filter>Resource Files</Filter>
    </None>
    <None Include="res\skin\dark\rc\arrow_up.png">
      <Filter>Resource Files</Filter>
    </None>
    <None Include="res\skin\light\rc\arrow_up.png">
      <Filter>Resource Files</Filter>
    </None>
    <None Include="res\skin\dark\rc\arrow_up@2x.png">
      <Filter>Resource Files</Filter>
    </None>
    <None Include="res\skin\light\rc\arrow_up@2x.png">
      <Filter>Resource Files</Filter>
    </None>
    <None Include="res\skin\dark\rc\arrow_up_disabled.png">
      <Filter>Resource Files</Filter>
    </None>
    <None Include="res\skin\light\rc\arrow_up_disabled.png">
      <Filter>Resource Files</Filter>
    </None>
    <None Include="res\skin\dark\rc\arrow_up_disabled@2x.png">
      <Filter>Resource Files</Filter>
    </None>
    <None Include="res\skin\light\rc\arrow_up_disabled@2x.png">
      <Filter>Resource Files</Filter>
    </None>
    <None Include="res\skin\dark\rc\arrow_up_focus.png">
      <Filter>Resource Files</Filter>
    </None>
    <None Include="res\skin\light\rc\arrow_up_focus.png">
      <Filter>Resource Files</Filter>
    </None>
    <None Include="res\skin\dark\rc\arrow_up_focus@2x.png">
      <Filter>Resource Files</Filter>
    </None>
    <None Include="res\skin\light\rc\arrow_up_focus@2x.png">
      <Filter>Resource Files</Filter>
    </None>
    <None Include="res\skin\dark\rc\arrow_up_pressed.png">
      <Filter>Resource Files</Filter>
    </None>
    <None Include="res\skin\light\rc\arrow_up_pressed.png">
      <Filter>Resource Files</Filter>
    </None>
    <None Include="res\skin\dark\rc\arrow_up_pressed@2x.png">
      <Filter>Resource Files</Filter>
    </None>
    <None Include="res\skin\light\rc\arrow_up_pressed@2x.png">
      <Filter>Resource Files</Filter>
    </None>
    <None Include="res\skin\dark\rc\base_icon.png">
      <Filter>Resource Files</Filter>
    </None>
    <None Include="res\skin\light\rc\base_icon.png">
      <Filter>Resource Files</Filter>
    </None>
    <None Include="res\skin\dark\rc\base_icon@2x.png">
      <Filter>Resource Files</Filter>
    </None>
    <None Include="res\skin\light\rc\base_icon@2x.png">
      <Filter>Resource Files</Filter>
    </None>
    <None Include="res\skin\dark\rc\base_icon_disabled.png">
      <Filter>Resource Files</Filter>
    </None>
    <None Include="res\skin\light\rc\base_icon_disabled.png">
      <Filter>Resource Files</Filter>
    </None>
    <None Include="res\skin\dark\rc\base_icon_disabled@2x.png">
      <Filter>Resource Files</Filter>
    </None>
    <None Include="res\skin\light\rc\base_icon_disabled@2x.png">
      <Filter>Resource Files</Filter>
    </None>
    <None Include="res\skin\dark\rc\base_icon_focus.png">
      <Filter>Resource Files</Filter>
    </None>
    <None Include="res\skin\light\rc\base_icon_focus.png">
      <Filter>Resource Files</Filter>
    </None>
    <None Include="res\skin\dark\rc\base_icon_focus@2x.png">
      <Filter>Resource Files</Filter>
    </None>
    <None Include="res\skin\light\rc\base_icon_focus@2x.png">
      <Filter>Resource Files</Filter>
    </None>
    <None Include="res\skin\dark\rc\base_icon_pressed.png">
      <Filter>Resource Files</Filter>
    </None>
    <None Include="res\skin\light\rc\base_icon_pressed.png">
      <Filter>Resource Files</Filter>
    </None>
    <None Include="res\skin\dark\rc\base_icon_pressed@2x.png">
      <Filter>Resource Files</Filter>
    </None>
    <None Include="res\skin\light\rc\base_icon_pressed@2x.png">
      <Filter>Resource Files</Filter>
    </None>
    <None Include="res\skin\dark\rc\branch_closed.png">
      <Filter>Resource Files</Filter>
    </None>
    <None Include="res\skin\light\rc\branch_closed.png">
      <Filter>Resource Files</Filter>
    </None>
    <None Include="res\skin\dark\rc\branch_closed@2x.png">
      <Filter>Resource Files</Filter>
    </None>
    <None Include="res\skin\light\rc\branch_closed@2x.png">
      <Filter>Resource Files</Filter>
    </None>
    <None Include="res\skin\dark\rc\branch_closed_disabled.png">
      <Filter>Resource Files</Filter>
    </None>
    <None Include="res\skin\light\rc\branch_closed_disabled.png">
      <Filter>Resource Files</Filter>
    </None>
    <None Include="res\skin\dark\rc\branch_closed_disabled@2x.png">
      <Filter>Resource Files</Filter>
    </None>
    <None Include="res\skin\light\rc\branch_closed_disabled@2x.png">
      <Filter>Resource Files</Filter>
    </None>
    <None Include="res\skin\dark\rc\branch_closed_focus.png">
      <Filter>Resource Files</Filter>
    </None>
    <None Include="res\skin\light\rc\branch_closed_focus.png">
      <Filter>Resource Files</Filter>
    </None>
    <None Include="res\skin\dark\rc\branch_closed_focus@2x.png">
      <Filter>Resource Files</Filter>
    </None>
    <None Include="res\skin\light\rc\branch_closed_focus@2x.png">
      <Filter>Resource Files</Filter>
    </None>
    <None Include="res\skin\dark\rc\branch_closed_pressed.png">
      <Filter>Resource Files</Filter>
    </None>
    <None Include="res\skin\light\rc\branch_closed_pressed.png">
      <Filter>Resource Files</Filter>
    </None>
    <None Include="res\skin\dark\rc\branch_closed_pressed@2x.png">
      <Filter>Resource Files</Filter>
    </None>
    <None Include="res\skin\light\rc\branch_closed_pressed@2x.png">
      <Filter>Resource Files</Filter>
    </None>
    <None Include="res\skin\dark\rc\branch_end.png">
      <Filter>Resource Files</Filter>
    </None>
    <None Include="res\skin\light\rc\branch_end.png">
      <Filter>Resource Files</Filter>
    </None>
    <None Include="res\skin\dark\rc\branch_end@2x.png">
      <Filter>Resource Files</Filter>
    </None>
    <None Include="res\skin\light\rc\branch_end@2x.png">
      <Filter>Resource Files</Filter>
    </None>
    <None Include="res\skin\dark\rc\branch_end_disabled.png">
      <Filter>Resource Files</Filter>
    </None>
    <None Include="res\skin\light\rc\branch_end_disabled.png">
      <Filter>Resource Files</Filter>
    </None>
    <None Include="res\skin\dark\rc\branch_end_disabled@2x.png">
      <Filter>Resource Files</Filter>
    </None>
    <None Include="res\skin\light\rc\branch_end_disabled@2x.png">
      <Filter>Resource Files</Filter>
    </None>
    <None Include="res\skin\dark\rc\branch_end_focus.png">
      <Filter>Resource Files</Filter>
    </None>
    <None Include="res\skin\light\rc\branch_end_focus.png">
      <Filter>Resource Files</Filter>
    </None>
    <None Include="res\skin\dark\rc\branch_end_focus@2x.png">
      <Filter>Resource Files</Filter>
    </None>
    <None Include="res\skin\light\rc\branch_end_focus@2x.png">
      <Filter>Resource Files</Filter>
    </None>
    <None Include="res\skin\dark\rc\branch_end_pressed.png">
      <Filter>Resource Files</Filter>
    </None>
    <None Include="res\skin\light\rc\branch_end_pressed.png">
      <Filter>Resource Files</Filter>
    </None>
    <None Include="res\skin\dark\rc\branch_end_pressed@2x.png">
      <Filter>Resource Files</Filter>
    </None>
    <None Include="res\skin\light\rc\branch_end_pressed@2x.png">
      <Filter>Resource Files</Filter>
    </None>
    <None Include="res\skin\dark\rc\branch_line.png">
      <Filter>Resource Files</Filter>
    </None>
    <None Include="res\skin\light\rc\branch_line.png">
      <Filter>Resource Files</Filter>
    </None>
    <None Include="res\skin\dark\rc\branch_line@2x.png">
      <Filter>Resource Files</Filter>
    </None>
    <None Include="res\skin\light\rc\branch_line@2x.png">
      <Filter>Resource Files</Filter>
    </None>
    <None Include="res\skin\dark\rc\branch_line_disabled.png">
      <Filter>Resource Files</Filter>
    </None>
    <None Include="res\skin\light\rc\branch_line_disabled.png">
      <Filter>Resource Files</Filter>
    </None>
    <None Include="res\skin\dark\rc\branch_line_disabled@2x.png">
      <Filter>Resource Files</Filter>
    </None>
    <None Include="res\skin\light\rc\branch_line_disabled@2x.png">
      <Filter>Resource Files</Filter>
    </None>
    <None Include="res\skin\dark\rc\branch_line_focus.png">
      <Filter>Resource Files</Filter>
    </None>
    <None Include="res\skin\light\rc\branch_line_focus.png">
      <Filter>Resource Files</Filter>
    </None>
    <None Include="res\skin\dark\rc\branch_line_focus@2x.png">
      <Filter>Resource Files</Filter>
    </None>
    <None Include="res\skin\light\rc\branch_line_focus@2x.png">
      <Filter>Resource Files</Filter>
    </None>
    <None Include="res\skin\dark\rc\branch_line_pressed.png">
      <Filter>Resource Files</Filter>
    </None>
    <None Include="res\skin\light\rc\branch_line_pressed.png">
      <Filter>Resource Files</Filter>
    </None>
    <None Include="res\skin\dark\rc\branch_line_pressed@2x.png">
      <Filter>Resource Files</Filter>
    </None>
    <None Include="res\skin\light\rc\branch_line_pressed@2x.png">
      <Filter>Resource Files</Filter>
    </None>
    <None Include="res\skin\dark\rc\branch_more.png">
      <Filter>Resource Files</Filter>
    </None>
    <None Include="res\skin\light\rc\branch_more.png">
      <Filter>Resource Files</Filter>
    </None>
    <None Include="res\skin\dark\rc\branch_more@2x.png">
      <Filter>Resource Files</Filter>
    </None>
    <None Include="res\skin\light\rc\branch_more@2x.png">
      <Filter>Resource Files</Filter>
    </None>
    <None Include="res\skin\dark\rc\branch_more_disabled.png">
      <Filter>Resource Files</Filter>
    </None>
    <None Include="res\skin\light\rc\branch_more_disabled.png">
      <Filter>Resource Files</Filter>
    </None>
    <None Include="res\skin\dark\rc\branch_more_disabled@2x.png">
      <Filter>Resource Files</Filter>
    </None>
    <None Include="res\skin\light\rc\branch_more_disabled@2x.png">
      <Filter>Resource Files</Filter>
    </None>
    <None Include="res\skin\dark\rc\branch_more_focus.png">
      <Filter>Resource Files</Filter>
    </None>
    <None Include="res\skin\light\rc\branch_more_focus.png">
      <Filter>Resource Files</Filter>
    </None>
    <None Include="res\skin\dark\rc\branch_more_focus@2x.png">
      <Filter>Resource Files</Filter>
    </None>
    <None Include="res\skin\light\rc\branch_more_focus@2x.png">
      <Filter>Resource Files</Filter>
    </None>
    <None Include="res\skin\dark\rc\branch_more_pressed.png">
      <Filter>Resource Files</Filter>
    </None>
    <None Include="res\skin\light\rc\branch_more_pressed.png">
      <Filter>Resource Files</Filter>
    </None>
    <None Include="res\skin\dark\rc\branch_more_pressed@2x.png">
      <Filter>Resource Files</Filter>
    </None>
    <None Include="res\skin\light\rc\branch_more_pressed@2x.png">
      <Filter>Resource Files</Filter>
    </None>
    <None Include="res\skin\dark\rc\branch_open.png">
      <Filter>Resource Files</Filter>
    </None>
    <None Include="res\skin\light\rc\branch_open.png">
      <Filter>Resource Files</Filter>
    </None>
    <None Include="res\skin\dark\rc\branch_open@2x.png">
      <Filter>Resource Files</Filter>
    </None>
    <None Include="res\skin\light\rc\branch_open@2x.png">
      <Filter>Resource Files</Filter>
    </None>
    <None Include="res\skin\dark\rc\branch_open_disabled.png">
      <Filter>Resource Files</Filter>
    </None>
    <None Include="res\skin\light\rc\branch_open_disabled.png">
      <Filter>Resource Files</Filter>
    </None>
    <None Include="res\skin\dark\rc\branch_open_disabled@2x.png">
      <Filter>Resource Files</Filter>
    </None>
    <None Include="res\skin\light\rc\branch_open_disabled@2x.png">
      <Filter>Resource Files</Filter>
    </None>
    <None Include="res\skin\dark\rc\branch_open_focus.png">
      <Filter>Resource Files</Filter>
    </None>
    <None Include="res\skin\light\rc\branch_open_focus.png">
      <Filter>Resource Files</Filter>
    </None>
    <None Include="res\skin\dark\rc\branch_open_focus@2x.png">
      <Filter>Resource Files</Filter>
    </None>
    <None Include="res\skin\light\rc\branch_open_focus@2x.png">
      <Filter>Resource Files</Filter>
    </None>
    <None Include="res\skin\dark\rc\branch_open_pressed.png">
      <Filter>Resource Files</Filter>
    </None>
    <None Include="res\skin\light\rc\branch_open_pressed.png">
      <Filter>Resource Files</Filter>
    </None>
    <None Include="res\skin\dark\rc\branch_open_pressed@2x.png">
      <Filter>Resource Files</Filter>
    </None>
    <None Include="res\skin\light\rc\branch_open_pressed@2x.png">
      <Filter>Resource Files</Filter>
    </None>
    <None Include="res\image\rc\cancel.png">
      <Filter>Resource Files</Filter>
    </None>
    <None Include="res\image\rc\check.png">
      <Filter>Resource Files</Filter>
    </None>
    <None Include="res\skin\dark\rc\checkbox_checked.png">
      <Filter>Resource Files</Filter>
    </None>
    <None Include="res\skin\light\rc\checkbox_checked.png">
      <Filter>Resource Files</Filter>
    </None>
    <None Include="res\skin\dark\rc\checkbox_checked@2x.png">
      <Filter>Resource Files</Filter>
    </None>
    <None Include="res\skin\light\rc\checkbox_checked@2x.png">
      <Filter>Resource Files</Filter>
    </None>
    <None Include="res\skin\dark\rc\checkbox_checked_disabled.png">
      <Filter>Resource Files</Filter>
    </None>
    <None Include="res\skin\light\rc\checkbox_checked_disabled.png">
      <Filter>Resource Files</Filter>
    </None>
    <None Include="res\skin\dark\rc\checkbox_checked_disabled@2x.png">
      <Filter>Resource Files</Filter>
    </None>
    <None Include="res\skin\light\rc\checkbox_checked_disabled@2x.png">
      <Filter>Resource Files</Filter>
    </None>
    <None Include="res\skin\dark\rc\checkbox_checked_focus.png">
      <Filter>Resource Files</Filter>
    </None>
    <None Include="res\skin\light\rc\checkbox_checked_focus.png">
      <Filter>Resource Files</Filter>
    </None>
    <None Include="res\skin\dark\rc\checkbox_checked_focus@2x.png">
      <Filter>Resource Files</Filter>
    </None>
    <None Include="res\skin\light\rc\checkbox_checked_focus@2x.png">
      <Filter>Resource Files</Filter>
    </None>
    <None Include="res\skin\dark\rc\checkbox_checked_pressed.png">
      <Filter>Resource Files</Filter>
    </None>
    <None Include="res\skin\light\rc\checkbox_checked_pressed.png">
      <Filter>Resource Files</Filter>
    </None>
    <None Include="res\skin\dark\rc\checkbox_checked_pressed@2x.png">
      <Filter>Resource Files</Filter>
    </None>
    <None Include="res\skin\light\rc\checkbox_checked_pressed@2x.png">
      <Filter>Resource Files</Filter>
    </None>
    <None Include="res\skin\dark\rc\checkbox_indeterminate.png">
      <Filter>Resource Files</Filter>
    </None>
    <None Include="res\skin\light\rc\checkbox_indeterminate.png">
      <Filter>Resource Files</Filter>
    </None>
    <None Include="res\skin\dark\rc\checkbox_indeterminate@2x.png">
      <Filter>Resource Files</Filter>
    </None>
    <None Include="res\skin\light\rc\checkbox_indeterminate@2x.png">
      <Filter>Resource Files</Filter>
    </None>
    <None Include="res\skin\dark\rc\checkbox_indeterminate_disabled.png">
      <Filter>Resource Files</Filter>
    </None>
    <None Include="res\skin\light\rc\checkbox_indeterminate_disabled.png">
      <Filter>Resource Files</Filter>
    </None>
    <None Include="res\skin\dark\rc\checkbox_indeterminate_disabled@2x.png">
      <Filter>Resource Files</Filter>
    </None>
    <None Include="res\skin\light\rc\checkbox_indeterminate_disabled@2x.png">
      <Filter>Resource Files</Filter>
    </None>
    <None Include="res\skin\dark\rc\checkbox_indeterminate_focus.png">
      <Filter>Resource Files</Filter>
    </None>
    <None Include="res\skin\light\rc\checkbox_indeterminate_focus.png">
      <Filter>Resource Files</Filter>
    </None>
    <None Include="res\skin\dark\rc\checkbox_indeterminate_focus@2x.png">
      <Filter>Resource Files</Filter>
    </None>
    <None Include="res\skin\light\rc\checkbox_indeterminate_focus@2x.png">
      <Filter>Resource Files</Filter>
    </None>
    <None Include="res\skin\dark\rc\checkbox_indeterminate_pressed.png">
      <Filter>Resource Files</Filter>
    </None>
    <None Include="res\skin\light\rc\checkbox_indeterminate_pressed.png">
      <Filter>Resource Files</Filter>
    </None>
    <None Include="res\skin\dark\rc\checkbox_indeterminate_pressed@2x.png">
      <Filter>Resource Files</Filter>
    </None>
    <None Include="res\skin\light\rc\checkbox_indeterminate_pressed@2x.png">
      <Filter>Resource Files</Filter>
    </None>
    <None Include="res\skin\dark\rc\checkbox_unchecked.png">
      <Filter>Resource Files</Filter>
    </None>
    <None Include="res\skin\light\rc\checkbox_unchecked.png">
      <Filter>Resource Files</Filter>
    </None>
    <None Include="res\skin\dark\rc\checkbox_unchecked@2x.png">
      <Filter>Resource Files</Filter>
    </None>
    <None Include="res\skin\light\rc\checkbox_unchecked@2x.png">
      <Filter>Resource Files</Filter>
    </None>
    <None Include="res\skin\dark\rc\checkbox_unchecked_disabled.png">
      <Filter>Resource Files</Filter>
    </None>
    <None Include="res\skin\light\rc\checkbox_unchecked_disabled.png">
      <Filter>Resource Files</Filter>
    </None>
    <None Include="res\skin\dark\rc\checkbox_unchecked_disabled@2x.png">
      <Filter>Resource Files</Filter>
    </None>
    <None Include="res\skin\light\rc\checkbox_unchecked_disabled@2x.png">
      <Filter>Resource Files</Filter>
    </None>
    <None Include="res\skin\dark\rc\checkbox_unchecked_focus.png">
      <Filter>Resource Files</Filter>
    </None>
    <None Include="res\skin\light\rc\checkbox_unchecked_focus.png">
      <Filter>Resource Files</Filter>
    </None>
    <None Include="res\skin\dark\rc\checkbox_unchecked_focus@2x.png">
      <Filter>Resource Files</Filter>
    </None>
    <None Include="res\skin\light\rc\checkbox_unchecked_focus@2x.png">
      <Filter>Resource Files</Filter>
    </None>
    <None Include="res\skin\dark\rc\checkbox_unchecked_pressed.png">
      <Filter>Resource Files</Filter>
    </None>
    <None Include="res\skin\light\rc\checkbox_unchecked_pressed.png">
      <Filter>Resource Files</Filter>
    </None>
    <None Include="res\skin\dark\rc\checkbox_unchecked_pressed@2x.png">
      <Filter>Resource Files</Filter>
    </None>
    <None Include="res\skin\light\rc\checkbox_unchecked_pressed@2x.png">
      <Filter>Resource Files</Filter>
    </None>
    <None Include="res\image\rc\confirm.png">
      <Filter>Resource Files</Filter>
    </None>
    <QtRcc Include="res\skin\dark\darkstyle.qrc">
      <Filter>Resource Files</Filter>
    </QtRcc>
    <None Include="res\skin\dark\darkstyle.qss">
      <Filter>Resource Files</Filter>
    </None>
    <None Include="res\image\rc\help.png">
      <Filter>Resource Files</Filter>
    </None>
    <None Include="res\image\rc\icon.png">
      <Filter>Resource Files</Filter>
    </None>
    <QtRcc Include="res\image\image.qrc">
      <Filter>Resource Files</Filter>
    </QtRcc>
    <QtRcc Include="res\skin\light\lightstyle.qrc">
      <Filter>Resource Files</Filter>
    </QtRcc>
    <None Include="res\skin\light\lightstyle.qss">
      <Filter>Resource Files</Filter>
    </None>
    <None Include="res\skin\dark\rc\line_horizontal.png">
      <Filter>Resource Files</Filter>
    </None>
    <None Include="res\skin\light\rc\line_horizontal.png">
      <Filter>Resource Files</Filter>
    </None>
    <None Include="res\skin\dark\rc\line_horizontal@2x.png">
      <Filter>Resource Files</Filter>
    </None>
    <None Include="res\skin\light\rc\line_horizontal@2x.png">
      <Filter>Resource Files</Filter>
    </None>
    <None Include="res\skin\dark\rc\line_horizontal_disabled.png">
      <Filter>Resource Files</Filter>
    </None>
    <None Include="res\skin\light\rc\line_horizontal_disabled.png">
      <Filter>Resource Files</Filter>
    </None>
    <None Include="res\skin\dark\rc\line_horizontal_disabled@2x.png">
      <Filter>Resource Files</Filter>
    </None>
    <None Include="res\skin\light\rc\line_horizontal_disabled@2x.png">
      <Filter>Resource Files</Filter>
    </None>
    <None Include="res\skin\dark\rc\line_horizontal_focus.png">
      <Filter>Resource Files</Filter>
    </None>
    <None Include="res\skin\light\rc\line_horizontal_focus.png">
      <Filter>Resource Files</Filter>
    </None>
    <None Include="res\skin\dark\rc\line_horizontal_focus@2x.png">
      <Filter>Resource Files</Filter>
    </None>
    <None Include="res\skin\light\rc\line_horizontal_focus@2x.png">
      <Filter>Resource Files</Filter>
    </None>
    <None Include="res\skin\dark\rc\line_horizontal_pressed.png">
      <Filter>Resource Files</Filter>
    </None>
    <None Include="res\skin\light\rc\line_horizontal_pressed.png">
      <Filter>Resource Files</Filter>
    </None>
    <None Include="res\skin\dark\rc\line_horizontal_pressed@2x.png">
      <Filter>Resource Files</Filter>
    </None>
    <None Include="res\skin\light\rc\line_horizontal_pressed@2x.png">
      <Filter>Resource Files</Filter>
    </None>
    <None Include="res\skin\dark\rc\line_vertical.png">
      <Filter>Resource Files</Filter>
    </None>
    <None Include="res\skin\light\rc\line_vertical.png">
      <Filter>Resource Files</Filter>
    </None>
    <None Include="res\skin\dark\rc\line_vertical@2x.png">
      <Filter>Resource Files</Filter>
    </None>
    <None Include="res\skin\light\rc\line_vertical@2x.png">
      <Filter>Resource Files</Filter>
    </None>
    <None Include="res\skin\dark\rc\line_vertical_disabled.png">
      <Filter>Resource Files</Filter>
    </None>
    <None Include="res\skin\light\rc\line_vertical_disabled.png">
      <Filter>Resource Files</Filter>
    </None>
    <None Include="res\skin\dark\rc\line_vertical_disabled@2x.png">
      <Filter>Resource Files</Filter>
    </None>
    <None Include="res\skin\light\rc\line_vertical_disabled@2x.png">
      <Filter>Resource Files</Filter>
    </None>
    <None Include="res\skin\dark\rc\line_vertical_focus.png">
      <Filter>Resource Files</Filter>
    </None>
    <None Include="res\skin\light\rc\line_vertical_focus.png">
      <Filter>Resource Files</Filter>
    </None>
    <None Include="res\skin\dark\rc\line_vertical_focus@2x.png">
      <Filter>Resource Files</Filter>
    </None>
    <None Include="res\skin\light\rc\line_vertical_focus@2x.png">
      <Filter>Resource Files</Filter>
    </None>
    <None Include="res\skin\dark\rc\line_vertical_pressed.png">
      <Filter>Resource Files</Filter>
    </None>
    <None Include="res\skin\light\rc\line_vertical_pressed.png">
      <Filter>Resource Files</Filter>
    </None>
    <None Include="res\skin\dark\rc\line_vertical_pressed@2x.png">
      <Filter>Resource Files</Filter>
    </None>
    <None Include="res\skin\light\rc\line_vertical_pressed@2x.png">
      <Filter>Resource Files</Filter>
    </None>
    <None Include="res\image\rc\open_file.png">
      <Filter>Resource Files</Filter>
    </None>
    <None Include="res\image\rc\polygon.png">
      <Filter>Resource Files</Filter>
    </None>
    <None Include="res\skin\dark\rc\radio_checked.png">
      <Filter>Resource Files</Filter>
    </None>
    <None Include="res\skin\light\rc\radio_checked.png">
      <Filter>Resource Files</Filter>
    </None>
    <None Include="res\skin\dark\rc\radio_checked@2x.png">
      <Filter>Resource Files</Filter>
    </None>
    <None Include="res\skin\light\rc\radio_checked@2x.png">
      <Filter>Resource Files</Filter>
    </None>
    <None Include="res\skin\dark\rc\radio_checked_disabled.png">
      <Filter>Resource Files</Filter>
    </None>
    <None Include="res\skin\light\rc\radio_checked_disabled.png">
      <Filter>Resource Files</Filter>
    </None>
    <None Include="res\skin\dark\rc\radio_checked_disabled@2x.png">
      <Filter>Resource Files</Filter>
    </None>
    <None Include="res\skin\light\rc\radio_checked_disabled@2x.png">
      <Filter>Resource Files</Filter>
    </None>
    <None Include="res\skin\dark\rc\radio_checked_focus.png">
      <Filter>Resource Files</Filter>
    </None>
    <None Include="res\skin\light\rc\radio_checked_focus.png">
      <Filter>Resource Files</Filter>
    </None>
    <None Include="res\skin\dark\rc\radio_checked_focus@2x.png">
      <Filter>Resource Files</Filter>
    </None>
    <None Include="res\skin\light\rc\radio_checked_focus@2x.png">
      <Filter>Resource Files</Filter>
    </None>
    <None Include="res\skin\dark\rc\radio_checked_pressed.png">
      <Filter>Resource Files</Filter>
    </None>
    <None Include="res\skin\light\rc\radio_checked_pressed.png">
      <Filter>Resource Files</Filter>
    </None>
    <None Include="res\skin\dark\rc\radio_checked_pressed@2x.png">
      <Filter>Resource Files</Filter>
    </None>
    <None Include="res\skin\light\rc\radio_checked_pressed@2x.png">
      <Filter>Resource Files</Filter>
    </None>
    <None Include="res\skin\dark\rc\radio_unchecked.png">
      <Filter>Resource Files</Filter>
    </None>
    <None Include="res\skin\light\rc\radio_unchecked.png">
      <Filter>Resource Files</Filter>
    </None>
    <None Include="res\skin\dark\rc\radio_unchecked@2x.png">
      <Filter>Resource Files</Filter>
    </None>
    <None Include="res\skin\light\rc\radio_unchecked@2x.png">
      <Filter>Resource Files</Filter>
    </None>
    <None Include="res\skin\dark\rc\radio_unchecked_disabled.png">
      <Filter>Resource Files</Filter>
    </None>
    <None Include="res\skin\light\rc\radio_unchecked_disabled.png">
      <Filter>Resource Files</Filter>
    </None>
    <None Include="res\skin\dark\rc\radio_unchecked_disabled@2x.png">
      <Filter>Resource Files</Filter>
    </None>
    <None Include="res\skin\light\rc\radio_unchecked_disabled@2x.png">
      <Filter>Resource Files</Filter>
    </None>
    <None Include="res\skin\dark\rc\radio_unchecked_focus.png">
      <Filter>Resource Files</Filter>
    </None>
    <None Include="res\skin\light\rc\radio_unchecked_focus.png">
      <Filter>Resource Files</Filter>
    </None>
    <None Include="res\skin\dark\rc\radio_unchecked_focus@2x.png">
      <Filter>Resource Files</Filter>
    </None>
    <None Include="res\skin\light\rc\radio_unchecked_focus@2x.png">
      <Filter>Resource Files</Filter>
    </None>
    <None Include="res\skin\dark\rc\radio_unchecked_pressed.png">
      <Filter>Resource Files</Filter>
    </None>
    <None Include="res\skin\light\rc\radio_unchecked_pressed.png">
      <Filter>Resource Files</Filter>
    </None>
    <None Include="res\skin\dark\rc\radio_unchecked_pressed@2x.png">
      <Filter>Resource Files</Filter>
    </None>
    <None Include="res\skin\light\rc\radio_unchecked_pressed@2x.png">
      <Filter>Resource Files</Filter>
    </None>
    <None Include="res\image\rc\redo.png">
      <Filter>Resource Files</Filter>
    </None>
    <None Include="res\skin\dark\rc\toolbar_move_horizontal.png">
      <Filter>Resource Files</Filter>
    </None>
    <None Include="res\skin\light\rc\toolbar_move_horizontal.png">
      <Filter>Resource Files</Filter>
    </None>
    <None Include="res\skin\dark\rc\toolbar_move_horizontal@2x.png">
      <Filter>Resource Files</Filter>
    </None>
    <None Include="res\skin\light\rc\toolbar_move_horizontal@2x.png">
      <Filter>Resource Files</Filter>
    </None>
    <None Include="res\skin\dark\rc\toolbar_move_horizontal_disabled.png">
      <Filter>Resource Files</Filter>
    </None>
    <None Include="res\skin\light\rc\toolbar_move_horizontal_disabled.png">
      <Filter>Resource Files</Filter>
    </None>
    <None Include="res\skin\dark\rc\toolbar_move_horizontal_disabled@2x.png">
      <Filter>Resource Files</Filter>
    </None>
    <None Include="res\skin\light\rc\toolbar_move_horizontal_disabled@2x.png">
      <Filter>Resource Files</Filter>
    </None>
    <None Include="res\skin\dark\rc\toolbar_move_horizontal_focus.png">
      <Filter>Resource Files</Filter>
    </None>
    <None Include="res\skin\light\rc\toolbar_move_horizontal_focus.png">
      <Filter>Resource Files</Filter>
    </None>
    <None Include="res\skin\dark\rc\toolbar_move_horizontal_focus@2x.png">
      <Filter>Resource Files</Filter>
    </None>
    <None Include="res\skin\light\rc\toolbar_move_horizontal_focus@2x.png">
      <Filter>Resource Files</Filter>
    </None>
    <None Include="res\skin\dark\rc\toolbar_move_horizontal_pressed.png">
      <Filter>Resource Files</Filter>
    </None>
    <None Include="res\skin\light\rc\toolbar_move_horizontal_pressed.png">
      <Filter>Resource Files</Filter>
    </None>
    <None Include="res\skin\dark\rc\toolbar_move_horizontal_pressed@2x.png">
      <Filter>Resource Files</Filter>
    </None>
    <None Include="res\skin\light\rc\toolbar_move_horizontal_pressed@2x.png">
      <Filter>Resource Files</Filter>
    </None>
    <None Include="res\skin\dark\rc\toolbar_move_vertical.png">
      <Filter>Resource Files</Filter>
    </None>
    <None Include="res\skin\light\rc\toolbar_move_vertical.png">
      <Filter>Resource Files</Filter>
    </None>
    <None Include="res\skin\dark\rc\toolbar_move_vertical@2x.png">
      <Filter>Resource Files</Filter>
    </None>
    <None Include="res\skin\light\rc\toolbar_move_vertical@2x.png">
      <Filter>Resource Files</Filter>
    </None>
    <None Include="res\skin\dark\rc\toolbar_move_vertical_disabled.png">
      <Filter>Resource Files</Filter>
    </None>
    <None Include="res\skin\light\rc\toolbar_move_vertical_disabled.png">
      <Filter>Resource Files</Filter>
    </None>
    <None Include="res\skin\dark\rc\toolbar_move_vertical_disabled@2x.png">
      <Filter>Resource Files</Filter>
    </None>
    <None Include="res\skin\light\rc\toolbar_move_vertical_disabled@2x.png">
      <Filter>Resource Files</Filter>
    </None>
    <None Include="res\skin\dark\rc\toolbar_move_vertical_focus.png">
      <Filter>Resource Files</Filter>
    </None>
    <None Include="res\skin\light\rc\toolbar_move_vertical_focus.png">
      <Filter>Resource Files</Filter>
    </None>
    <None Include="res\skin\dark\rc\toolbar_move_vertical_focus@2x.png">
      <Filter>Resource Files</Filter>
    </None>
    <None Include="res\skin\light\rc\toolbar_move_vertical_focus@2x.png">
      <Filter>Resource Files</Filter>
    </None>
    <None Include="res\skin\dark\rc\toolbar_move_vertical_pressed.png">
      <Filter>Resource Files</Filter>
    </None>
    <None Include="res\skin\light\rc\toolbar_move_vertical_pressed.png">
      <Filter>Resource Files</Filter>
    </None>
    <None Include="res\skin\dark\rc\toolbar_move_vertical_pressed@2x.png">
      <Filter>Resource Files</Filter>
    </None>
    <None Include="res\skin\light\rc\toolbar_move_vertical_pressed@2x.png">
      <Filter>Resource Files</Filter>
    </None>
    <None Include="res\skin\dark\rc\toolbar_separator_horizontal.png">
      <Filter>Resource Files</Filter>
    </None>
    <None Include="res\skin\light\rc\toolbar_separator_horizontal.png">
      <Filter>Resource Files</Filter>
    </None>
    <None Include="res\skin\dark\rc\toolbar_separator_horizontal@2x.png">
      <Filter>Resource Files</Filter>
    </None>
    <None Include="res\skin\light\rc\toolbar_separator_horizontal@2x.png">
      <Filter>Resource Files</Filter>
    </None>
    <None Include="res\skin\dark\rc\toolbar_separator_horizontal_disabled.png">
      <Filter>Resource Files</Filter>
    </None>
    <None Include="res\skin\light\rc\toolbar_separator_horizontal_disabled.png">
      <Filter>Resource Files</Filter>
    </None>
    <None Include="res\skin\dark\rc\toolbar_separator_horizontal_disabled@2x.png">
      <Filter>Resource Files</Filter>
    </None>
    <None Include="res\skin\light\rc\toolbar_separator_horizontal_disabled@2x.png">
      <Filter>Resource Files</Filter>
    </None>
    <None Include="res\skin\dark\rc\toolbar_separator_horizontal_focus.png">
      <Filter>Resource Files</Filter>
    </None>
    <None Include="res\skin\light\rc\toolbar_separator_horizontal_focus.png">
      <Filter>Resource Files</Filter>
    </None>
    <None Include="res\skin\dark\rc\toolbar_separator_horizontal_focus@2x.png">
      <Filter>Resource Files</Filter>
    </None>
    <None Include="res\skin\light\rc\toolbar_separator_horizontal_focus@2x.png">
      <Filter>Resource Files</Filter>
    </None>
    <None Include="res\skin\dark\rc\toolbar_separator_horizontal_pressed.png">
      <Filter>Resource Files</Filter>
    </None>
    <None Include="res\skin\light\rc\toolbar_separator_horizontal_pressed.png">
      <Filter>Resource Files</Filter>
    </None>
    <None Include="res\skin\dark\rc\toolbar_separator_horizontal_pressed@2x.png">
      <Filter>Resource Files</Filter>
    </None>
    <None Include="res\skin\light\rc\toolbar_separator_horizontal_pressed@2x.png">
      <Filter>Resource Files</Filter>
    </None>
    <None Include="res\skin\dark\rc\toolbar_separator_vertical.png">
      <Filter>Resource Files</Filter>
    </None>
    <None Include="res\skin\light\rc\toolbar_separator_vertical.png">
      <Filter>Resource Files</Filter>
    </None>
    <None Include="res\skin\dark\rc\toolbar_separator_vertical@2x.png">
      <Filter>Resource Files</Filter>
    </None>
    <None Include="res\skin\light\rc\toolbar_separator_vertical@2x.png">
      <Filter>Resource Files</Filter>
    </None>
    <None Include="res\skin\dark\rc\toolbar_separator_vertical_disabled.png">
      <Filter>Resource Files</Filter>
    </None>
    <None Include="res\skin\light\rc\toolbar_separator_vertical_disabled.png">
      <Filter>Resource Files</Filter>
    </None>
    <None Include="res\skin\dark\rc\toolbar_separator_vertical_disabled@2x.png">
      <Filter>Resource Files</Filter>
    </None>
    <None Include="res\skin\light\rc\toolbar_separator_vertical_disabled@2x.png">
      <Filter>Resource Files</Filter>
    </None>
    <None Include="res\skin\dark\rc\toolbar_separator_vertical_focus.png">
      <Filter>Resource Files</Filter>
    </None>
    <None Include="res\skin\light\rc\toolbar_separator_vertical_focus.png">
      <Filter>Resource Files</Filter>
    </None>
    <None Include="res\skin\dark\rc\toolbar_separator_vertical_focus@2x.png">
      <Filter>Resource Files</Filter>
    </None>
    <None Include="res\skin\light\rc\toolbar_separator_vertical_focus@2x.png">
      <Filter>Resource Files</Filter>
    </None>
    <None Include="res\skin\dark\rc\toolbar_separator_vertical_pressed.png">
      <Filter>Resource Files</Filter>
    </None>
    <None Include="res\skin\light\rc\toolbar_separator_vertical_pressed.png">
      <Filter>Resource Files</Filter>
    </None>
    <None Include="res\skin\dark\rc\toolbar_separator_vertical_pressed@2x.png">
      <Filter>Resource Files</Filter>
    </None>
    <None Include="res\skin\light\rc\toolbar_separator_vertical_pressed@2x.png">
      <Filter>Resource Files</Filter>
    </None>
    <None Include="res\skin\dark\rc\transparent.png">
      <Filter>Resource Files</Filter>
    </None>
    <None Include="res\skin\light\rc\transparent.png">
      <Filter>Resource Files</Filter>
    </None>
    <None Include="res\skin\dark\rc\transparent@2x.png">
      <Filter>Resource Files</Filter>
    </None>
    <None Include="res\skin\light\rc\transparent@2x.png">
      <Filter>Resource Files</Filter>
    </None>
    <None Include="res\skin\dark\rc\transparent_disabled.png">
      <Filter>Resource Files</Filter>
    </None>
    <None Include="res\skin\light\rc\transparent_disabled.png">
      <Filter>Resource Files</Filter>
    </None>
    <None Include="res\skin\dark\rc\transparent_disabled@2x.png">
      <Filter>Resource Files</Filter>
    </None>
    <None Include="res\skin\light\rc\transparent_disabled@2x.png">
      <Filter>Resource Files</Filter>
    </None>
    <None Include="res\skin\dark\rc\transparent_focus.png">
      <Filter>Resource Files</Filter>
    </None>
    <None Include="res\skin\light\rc\transparent_focus.png">
      <Filter>Resource Files</Filter>
    </None>
    <None Include="res\skin\dark\rc\transparent_focus@2x.png">
      <Filter>Resource Files</Filter>
    </None>
    <None Include="res\skin\light\rc\transparent_focus@2x.png">
      <Filter>Resource Files</Filter>
    </None>
    <None Include="res\skin\dark\rc\transparent_pressed.png">
      <Filter>Resource Files</Filter>
    </None>
    <None Include="res\skin\light\rc\transparent_pressed.png">
      <Filter>Resource Files</Filter>
    </None>
    <None Include="res\skin\dark\rc\transparent_pressed@2x.png">
      <Filter>Resource Files</Filter>
    </None>
    <None Include="res\skin\light\rc\transparent_pressed@2x.png">
      <Filter>Resource Files</Filter>
    </None>
    <None Include="res\image\rc\uncheck.png">
      <Filter>Resource Files</Filter>
    </None>
    <None Include="res\image\rc\undo.png">
      <Filter>Resource Files</Filter>
    </None>
    <None Include="res\skin\dark\rc\window_close.png">
      <Filter>Resource Files</Filter>
    </None>
    <None Include="res\skin\light\rc\window_close.png">
      <Filter>Resource Files</Filter>
    </None>
    <None Include="res\skin\dark\rc\window_close@2x.png">
      <Filter>Resource Files</Filter>
    </None>
    <None Include="res\skin\light\rc\window_close@2x.png">
      <Filter>Resource Files</Filter>
    </None>
    <None Include="res\skin\dark\rc\window_close_disabled.png">
      <Filter>Resource Files</Filter>
    </None>
    <None Include="res\skin\light\rc\window_close_disabled.png">
      <Filter>Resource Files</Filter>
    </None>
    <None Include="res\skin\dark\rc\window_close_disabled@2x.png">
      <Filter>Resource Files</Filter>
    </None>
    <None Include="res\skin\light\rc\window_close_disabled@2x.png">
      <Filter>Resource Files</Filter>
    </None>
    <None Include="res\skin\dark\rc\window_close_focus.png">
      <Filter>Resource Files</Filter>
    </None>
    <None Include="res\skin\light\rc\window_close_focus.png">
      <Filter>Resource Files</Filter>
    </None>
    <None Include="res\skin\dark\rc\window_close_focus@2x.png">
      <Filter>Resource Files</Filter>
    </None>
    <None Include="res\skin\light\rc\window_close_focus@2x.png">
      <Filter>Resource Files</Filter>
    </None>
    <None Include="res\skin\dark\rc\window_close_pressed.png">
      <Filter>Resource Files</Filter>
    </None>
    <None Include="res\skin\light\rc\window_close_pressed.png">
      <Filter>Resource Files</Filter>
    </None>
    <None Include="res\skin\dark\rc\window_close_pressed@2x.png">
      <Filter>Resource Files</Filter>
    </None>
    <None Include="res\skin\light\rc\window_close_pressed@2x.png">
      <Filter>Resource Files</Filter>
    </None>
    <None Include="res\skin\dark\rc\window_grip.png">
      <Filter>Resource Files</Filter>
    </None>
    <None Include="res\skin\light\rc\window_grip.png">
      <Filter>Resource Files</Filter>
    </None>
    <None Include="res\skin\dark\rc\window_grip@2x.png">
      <Filter>Resource Files</Filter>
    </None>
    <None Include="res\skin\light\rc\window_grip@2x.png">
      <Filter>Resource Files</Filter>
    </None>
    <None Include="res\skin\dark\rc\window_grip_disabled.png">
      <Filter>Resource Files</Filter>
    </None>
    <None Include="res\skin\light\rc\window_grip_disabled.png">
      <Filter>Resource Files</Filter>
    </None>
    <None Include="res\skin\dark\rc\window_grip_disabled@2x.png">
      <Filter>Resource Files</Filter>
    </None>
    <None Include="res\skin\light\rc\window_grip_disabled@2x.png">
      <Filter>Resource Files</Filter>
    </None>
    <None Include="res\skin\dark\rc\window_grip_focus.png">
      <Filter>Resource Files</Filter>
    </None>
    <None Include="res\skin\light\rc\window_grip_focus.png">
      <Filter>Resource Files</Filter>
    </None>
    <None Include="res\skin\dark\rc\window_grip_focus@2x.png">
      <Filter>Resource Files</Filter>
    </None>
    <None Include="res\skin\light\rc\window_grip_focus@2x.png">
      <Filter>Resource Files</Filter>
    </None>
    <None Include="res\skin\dark\rc\window_grip_pressed.png">
      <Filter>Resource Files</Filter>
    </None>
    <None Include="res\skin\light\rc\window_grip_pressed.png">
      <Filter>Resource Files</Filter>
    </None>
    <None Include="res\skin\dark\rc\window_grip_pressed@2x.png">
      <Filter>Resource Files</Filter>
    </None>
    <None Include="res\skin\light\rc\window_grip_pressed@2x.png">
      <Filter>Resource Files</Filter>
    </None>
    <None Include="res\skin\dark\rc\window_minimize.png">
      <Filter>Resource Files</Filter>
    </None>
    <None Include="res\skin\light\rc\window_minimize.png">
      <Filter>Resource Files</Filter>
    </None>
    <None Include="res\skin\dark\rc\window_minimize@2x.png">
      <Filter>Resource Files</Filter>
    </None>
    <None Include="res\skin\light\rc\window_minimize@2x.png">
      <Filter>Resource Files</Filter>
    </None>
    <None Include="res\skin\dark\rc\window_minimize_disabled.png">
      <Filter>Resource Files</Filter>
    </None>
    <None Include="res\skin\light\rc\window_minimize_disabled.png">
      <Filter>Resource Files</Filter>
    </None>
    <None Include="res\skin\dark\rc\window_minimize_disabled@2x.png">
      <Filter>Resource Files</Filter>
    </None>
    <None Include="res\skin\light\rc\window_minimize_disabled@2x.png">
      <Filter>Resource Files</Filter>
    </None>
    <None Include="res\skin\dark\rc\window_minimize_focus.png">
      <Filter>Resource Files</Filter>
    </None>
    <None Include="res\skin\light\rc\window_minimize_focus.png">
      <Filter>Resource Files</Filter>
    </None>
    <None Include="res\skin\dark\rc\window_minimize_focus@2x.png">
      <Filter>Resource Files</Filter>
    </None>
    <None Include="res\skin\light\rc\window_minimize_focus@2x.png">
      <Filter>Resource Files</Filter>
    </None>
    <None Include="res\skin\dark\rc\window_minimize_pressed.png">
      <Filter>Resource Files</Filter>
    </None>
    <None Include="res\skin\light\rc\window_minimize_pressed.png">
      <Filter>Resource Files</Filter>
    </None>
    <None Include="res\skin\dark\rc\window_minimize_pressed@2x.png">
      <Filter>Resource Files</Filter>
    </None>
    <None Include="res\skin\light\rc\window_minimize_pressed@2x.png">
      <Filter>Resource Files</Filter>
    </None>
    <None Include="res\skin\dark\rc\window_undock.png">
      <Filter>Resource Files</Filter>
    </None>
    <None Include="res\skin\light\rc\window_undock.png">
      <Filter>Resource Files</Filter>
    </None>
    <None Include="res\skin\dark\rc\window_undock@2x.png">
      <Filter>Resource Files</Filter>
    </None>
    <None Include="res\skin\light\rc\window_undock@2x.png">
      <Filter>Resource Files</Filter>
    </None>
    <None Include="res\skin\dark\rc\window_undock_disabled.png">
      <Filter>Resource Files</Filter>
    </None>
    <None Include="res\skin\light\rc\window_undock_disabled.png">
      <Filter>Resource Files</Filter>
    </None>
    <None Include="res\skin\dark\rc\window_undock_disabled@2x.png">
      <Filter>Resource Files</Filter>
    </None>
    <None Include="res\skin\light\rc\window_undock_disabled@2x.png">
      <Filter>Resource Files</Filter>
    </None>
    <None Include="res\skin\dark\rc\window_undock_focus.png">
      <Filter>Resource Files</Filter>
    </None>
    <None Include="res\skin\light\rc\window_undock_focus.png">
      <Filter>Resource Files</Filter>
    </None>
    <None Include="res\skin\dark\rc\window_undock_focus@2x.png">
      <Filter>Resource Files</Filter>
    </None>
    <None Include="res\skin\light\rc\window_undock_focus@2x.png">
      <Filter>Resource Files</Filter>
    </None>
    <None Include="res\skin\dark\rc\window_undock_pressed.png">
      <Filter>Resource Files</Filter>
    </None>
    <None Include="res\skin\light\rc\window_undock_pressed.png">
      <Filter>Resource Files</Filter>
    </None>
    <None Include="res\skin\dark\rc\window_undock_pressed@2x.png">
      <Filter>Resource Files</Filter>
    </None>
    <None Include="res\skin\light\rc\window_undock_pressed@2x.png">
      <Filter>Resource Files</Filter>
    </None>
    <None Include="res\image\rc\zoom-fit.png">
      <Filter>Resource Files</Filter>
    </None>
    <None Include="res\image\rc\zoom-in.png">
      <Filter>Resource Files</Filter>
    </None>
    <None Include="res\image\rc\zoom-out.png">
      <Filter>Resource Files</Filter>
    </None>
    <None Include="res\Resource\Resource.aps">
      <Filter>Resource Files</Filter>
    </None>
  </ItemGroup>
  <ItemGroup>
    <QtMoc Include="src\Annotations\shape.h">
      <Filter>Src\Annotations</Filter>
    </QtMoc>
    <QtMoc Include="src\Controllers\labelmanager.h">
      <Filter>Src\Controllers</Filter>
    </QtMoc>
    <QtMoc Include="src\Controllers\filemanager.h">
      <Filter>Src\Controllers</Filter>
    </QtMoc>
    <QtMoc Include="src\Canvas\CanvasBase.h">
      <Filter>Src\Canvas</Filter>
    </QtMoc>
    <QtMoc Include="Src\Ui\CanvasView.h">
      <Filter>Src\Ui</Filter>
    </QtMoc>
    <QtMoc Include="Src\Ui\ImageAdj.h">
      <Filter>Src\Ui</Filter>
    </QtMoc>
  </ItemGroup>
  <ItemGroup>
    <ClInclude Include="src\Qt\custom_event_type.h">
      <Filter>Src\Qt</Filter>
    </ClInclude>
    <ClInclude Include="src\Qt\qtfunctions.h">
      <Filter>Src\Qt</Filter>
    </ClInclude>
    <ClInclude Include="src\Qt\qtstyles.h">
      <Filter>Src\Qt</Filter>
    </ClInclude>
    <ClInclude Include="src\Qt\qtrcloader.h">
      <Filter>Src\Qt</Filter>
    </ClInclude>
    <ClInclude Include="src\Ui\customlistwidget.h">
      <Filter>Src\Ui</Filter>
    </ClInclude>
  </ItemGroup>
  <ItemGroup>
    <ResourceCompile Include="res\Resource\Resource.rc">
      <Filter>Resource Files</Filter>
    </ResourceCompile>
  </ItemGroup>
</Project>